// !$*UTF8*$!
{
	archiveVersion = 1;
	classes = {
	};
	objectVersion = 77;
	objects = {

/* Begin PBXBuildFile section */
		0364CA692D518EF8AAF0F8B0 /* Haptics.swift in Sources */ = {isa = PBXBuildFile; fileRef = 271C78981C0D5681EF94171E /* Haptics.swift */; };
		03B787A52BC86AF96B68F016 /* FocusSessionStore.swift in Sources */ = {isa = PBXBuildFile; fileRef = EEED2350E8757F38C29F9CB9 /* FocusSessionStore.swift */; };
		06CFCBF306F3A0FDCAFD2653 /* SpeciesGalleryView.swift in Sources */ = {isa = PBXBuildFile; fileRef = 7D92FE830A5B71AC26B90E21 /* SpeciesGalleryView.swift */; };
		0761A9E428F716F629E0E8A8 /* RevenueCat in Frameworks */ = {isa = PBXBuildFile; productRef = 7105AA21C4F6E3A47890C83D /* RevenueCat */; };
		086B1B692A28EC7108795144 /* RoomDecorView.swift in Sources */ = {isa = PBXBuildFile; fileRef = AAF8B2D085E28A73D8547687 /* RoomDecorView.swift */; };
		08D9901B447473F63656E17A /* QRScannerView.swift in Sources */ = {isa = PBXBuildFile; fileRef = 3E710CBEC1093FE73775F1BE /* QRScannerView.swift */; };
		0934185C7FCCBB0433E403E5 /* ItemTile.swift in Sources */ = {isa = PBXBuildFile; fileRef = 886B48B3C1A83FC87B2FA7DC /* ItemTile.swift */; };
		09FE9ECC682126A937DF978F /* DriftSheet.swift in Sources */ = {isa = PBXBuildFile; fileRef = 6140FCDBA2426893DDB84717 /* DriftSheet.swift */; };
		0A249C960574E1EBA727E0EF /* ScreenTimeShare.swift in Sources */ = {isa = PBXBuildFile; fileRef = 4CCF8ECE26CC48006007F98E /* ScreenTimeShare.swift */; };
		0A5BCB4BBDD1B38982E023B2 /* Router.swift in Sources */ = {isa = PBXBuildFile; fileRef = B946F4E30EF2C84EE207202E /* Router.swift */; };
		0E078F29634C6933BB02219C /* WalletTests.swift in Sources */ = {isa = PBXBuildFile; fileRef = AB4B5E5BA8C8DEB8E7E6510C /* WalletTests.swift */; };
		0F43BA5020257840F2122EAC /* YolkGlyph.swift in Sources */ = {isa = PBXBuildFile; fileRef = F5C8E056F2348AD91667D6C4 /* YolkGlyph.swift */; };
		10085D4E418E087D48B2E2E8 /* PrivacyInfo.xcprivacy in Resources */ = {isa = PBXBuildFile; fileRef = 57E7F2809A70CE580B97F50B /* PrivacyInfo.xcprivacy */; };
		115C413B6DCAC129F76CCDB3 /* WhileYouWereAwayStrip.swift in Sources */ = {isa = PBXBuildFile; fileRef = 6650BC19D1D0DA03F736FF1A /* WhileYouWereAwayStrip.swift */; };
		1174E2755C3353C39FD9A5F5 /* VisitView.swift in Sources */ = {isa = PBXBuildFile; fileRef = B10352955EC8A724ED2AEAC4 /* VisitView.swift */; };
		133217ABEDB1716D78A4C392 /* RootView.swift in Sources */ = {isa = PBXBuildFile; fileRef = 454CD38CF659BCE1CAF57AB5 /* RootView.swift */; };
		133CACDDE3224416D9DE9BDB /* FeedbackView.swift in Sources */ = {isa = PBXBuildFile; fileRef = FD20DDA9932DC37F8B2B837F /* FeedbackView.swift */; };
		18776CC0F5C8239A1AB75CFD /* Player.swift in Sources */ = {isa = PBXBuildFile; fileRef = D071416EBE1A5EEBC6B0564E /* Player.swift */; };
		1917B3C4E339BE94E5D6898F /* GrowFriendsView.swift in Sources */ = {isa = PBXBuildFile; fileRef = 5C049B150140A0C2342A398A /* GrowFriendsView.swift */; };
		1FF4A7075EFF898A013EC2D9 /* PostcardViews.swift in Sources */ = {isa = PBXBuildFile; fileRef = 571CDDC06280096B10794E7C /* PostcardViews.swift */; };
		20C60D20A52844E5B4EE79D8 /* TrustStageTests.swift in Sources */ = {isa = PBXBuildFile; fileRef = 23B5B076C1A639A6479BBB95 /* TrustStageTests.swift */; };
		21B8D5879A4E6E2D68C3134F /* YolklingCore in Frameworks */ = {isa = PBXBuildFile; productRef = 1EF266223E6CA667789B7B66 /* YolklingCore */; };
		23B68D582EA550BE1B5B2088 /* OnboardingView.swift in Sources */ = {isa = PBXBuildFile; fileRef = 7E7AFB40028E43F26BD38206 /* OnboardingView.swift */; };
		2457FC8BE922B4C6358E0241 /* WidgetHowToView.swift in Sources */ = {isa = PBXBuildFile; fileRef = 45701349448C8131182AD13C /* WidgetHowToView.swift */; };
		262E1FF02C82FE14972FB107 /* DeepLink.swift in Sources */ = {isa = PBXBuildFile; fileRef = C95D3E4FE309120014CA4B4F /* DeepLink.swift */; };
		2AC2BDCF6B0A54ABC0D5F635 /* SpeciesTests.swift in Sources */ = {isa = PBXBuildFile; fileRef = 77C4E64C5781F3C8518BCB9B /* SpeciesTests.swift */; };
		2DD5ED2695A90EFCD302A043 /* WidgetPublisher.swift in Sources */ = {isa = PBXBuildFile; fileRef = 36DC24772B748D797777AB22 /* WidgetPublisher.swift */; };
		2E8A4379E8AC57C0E654C849 /* ProfileView.swift in Sources */ = {isa = PBXBuildFile; fileRef = EFC6AD7229641595F1324223 /* ProfileView.swift */; };
		339169F8EB3C2F3BEAB56081 /* MoodCheckInView.swift in Sources */ = {isa = PBXBuildFile; fileRef = 3EE358D6CD83AA87EA6358B2 /* MoodCheckInView.swift */; };
		3395E08E88EBF6AF2686CB1A /* YolkSegmented.swift in Sources */ = {isa = PBXBuildFile; fileRef = 41F403602C69613F256AC4FD /* YolkSegmented.swift */; };
		363FF6492F6CCD6F82CF23A3 /* YolkMenu.swift in Sources */ = {isa = PBXBuildFile; fileRef = AD66B197F22F7316ED9073EF /* YolkMenu.swift */; };
		36C7C22D0128007F01EAD514 /* RoomView.swift in Sources */ = {isa = PBXBuildFile; fileRef = 1A696350A3A3F96048352A62 /* RoomView.swift */; };
		370441F2076020435ED5FD7C /* SocialModels.swift in Sources */ = {isa = PBXBuildFile; fileRef = 02B3C10F5C7A1D79618B0B35 /* SocialModels.swift */; };
		3CCB2A89A1C4E052771357C9 /* YolklingCore in Frameworks */ = {isa = PBXBuildFile; productRef = D7F6707E384114D485D267DE /* YolklingCore */; };
		3D8D81A66570893FDA60562E /* EggView.swift in Sources */ = {isa = PBXBuildFile; fileRef = 3C8CF8FD294F1454E5591F21 /* EggView.swift */; };
		441D18B460CB0DBC2B7D832C /* YolklingWidgetBundle.swift in Sources */ = {isa = PBXBuildFile; fileRef = 0FA2EE3D862627BDDB70A446 /* YolklingWidgetBundle.swift */; };
		4702ED8BB128D89E453FFCF6 /* YolklingWidgets.appex in Embed Foundation Extensions */ = {isa = PBXBuildFile; fileRef = 77B3DF45A83DE92F2CDBBAA4 /* YolklingWidgets.appex */; settings = {ATTRIBUTES = (RemoveHeadersOnCopy, ); }; };
		4ADF5DECBAE24ABD3C448D5D /* FocusView.swift in Sources */ = {isa = PBXBuildFile; fileRef = E3E3DAFC3357CF16EDB765B2 /* FocusView.swift */; };
		4BEACA0FC5E5B4E77845EF9C /* YolkDialog.swift in Sources */ = {isa = PBXBuildFile; fileRef = BC859F6086205595CCA3548F /* YolkDialog.swift */; };
		4F6BBB41C1382BB0278D4F91 /* CardShareCard.swift in Sources */ = {isa = PBXBuildFile; fileRef = EDC43CFE7BE7D26FE43A29BE /* CardShareCard.swift */; };
		5218FC9C7CCD70FEDC06F032 /* ScreenTimeShare.swift in Sources */ = {isa = PBXBuildFile; fileRef = 4CCF8ECE26CC48006007F98E /* ScreenTimeShare.swift */; };
		56BB68B97AB5494561E8E6EE /* SyncClient.swift in Sources */ = {isa = PBXBuildFile; fileRef = D3023148FA25E063CED922DF /* SyncClient.swift */; };
		59DE5860CD52D0A5C2A9961F /* SubscriptionStore.swift in Sources */ = {isa = PBXBuildFile; fileRef = B92FB205D188E7646C9BC467 /* SubscriptionStore.swift */; };
		5A61A836A594726DF58427D1 /* ScreenTimeReportHost.swift in Sources */ = {isa = PBXBuildFile; fileRef = 942DFA5CF79A002209692D9D /* ScreenTimeReportHost.swift */; };
		5CC7F04849CB7739D0AB77C1 /* YolklingCore in Frameworks */ = {isa = PBXBuildFile; productRef = B9BC56A5A6215E934A19E1E0 /* YolklingCore */; };
		5E20E43EF1B2BE7935FF881B /* PostcardVocabulary.swift in Sources */ = {isa = PBXBuildFile; fileRef = A388843295E23F423C6D05DE /* PostcardVocabulary.swift */; };
		5E54299634A29368115B507F /* ScreenTimeService.swift in Sources */ = {isa = PBXBuildFile; fileRef = 14C460FAA85BB2A5D657CBE3 /* ScreenTimeService.swift */; };
		5FD85F1FB9F1B41CA3D88428 /* DMSans-VF.ttf in Resources */ = {isa = PBXBuildFile; fileRef = C79354CB80CA860721463727 /* DMSans-VF.ttf */; };
		62D7FC75B888F2739AA05C96 /* RoomZone.swift in Sources */ = {isa = PBXBuildFile; fileRef = A7558E421CB8F49D94D63FD7 /* RoomZone.swift */; };
		62F892518BC4B84224E78C5D /* ReferralView.swift in Sources */ = {isa = PBXBuildFile; fileRef = 7D7409FEFD12957C004BB91D /* ReferralView.swift */; };
		661AD66CBC76712E89119F7E /* FocusLiveActivity.swift in Sources */ = {isa = PBXBuildFile; fileRef = BEE7AD43C334266A4F352AB8 /* FocusLiveActivity.swift */; };
		69D11733107EDC3AA9EDB710 /* SeasonBanner.swift in Sources */ = {isa = PBXBuildFile; fileRef = 334D734661EDF43E80B4A217 /* SeasonBanner.swift */; };
		6CCEA71E6A40893115EAD6E7 /* HoloMaterial.swift in Sources */ = {isa = PBXBuildFile; fileRef = 775778FA780FB58DC2F96847 /* HoloMaterial.swift */; };
		7174436B53983F61625E185B /* SwapPreview.swift in Sources */ = {isa = PBXBuildFile; fileRef = 525C2E9327AAC745CB3DD23D /* SwapPreview.swift */; };
		74E69B32075E025157064E3D /* Assets.xcassets in Resources */ = {isa = PBXBuildFile; fileRef = 0F68C53AD5A98B7826A38B32 /* Assets.xcassets */; };
		76C65D3DC1A534CEC3160250 /* SyncTests.swift in Sources */ = {isa = PBXBuildFile; fileRef = 8DCD055E27868773534C0E1B /* SyncTests.swift */; };
		774E938C4B98B2F1E3959A7E /* YolkCoin.swift in Sources */ = {isa = PBXBuildFile; fileRef = 47A494D2CA89407A6B8FB8BF /* YolkCoin.swift */; };
		7B938C4624920E3DA81036E9 /* WardrobeStore.swift in Sources */ = {isa = PBXBuildFile; fileRef = DE4A247C7625F453B1BBA6DF /* WardrobeStore.swift */; };
		7D316A3F6CA5988E2356DA7C /* PackRevealView.swift in Sources */ = {isa = PBXBuildFile; fileRef = 7A1C490033D514C40A0067B7 /* PackRevealView.swift */; };
		84E321BD0A5CB442877C103B /* FoundingRevealView.swift in Sources */ = {isa = PBXBuildFile; fileRef = B5F3C7ABE35E8A6A13DB7AA3 /* FoundingRevealView.swift */; };
		8523DF49C8440808ACFFE06D /* YolkRoomWidget.swift in Sources */ = {isa = PBXBuildFile; fileRef = 022E45824D017316F04EAB9F /* YolkRoomWidget.swift */; };
		8643941FECB35114AD0E6FF0 /* EventStore.swift in Sources */ = {isa = PBXBuildFile; fileRef = 6B11B8AC851E841F937667EF /* EventStore.swift */; };
		869E24C3E4EACCF6044FCC01 /* RewardsTests.swift in Sources */ = {isa = PBXBuildFile; fileRef = B00E5F0B2E4AE46F432F74D6 /* RewardsTests.swift */; };
		8A16161AA593A990544C3CD7 /* Rewards.swift in Sources */ = {isa = PBXBuildFile; fileRef = C3E4BB5586801A2B60F7F7A7 /* Rewards.swift */; };
		8AB5D8F4D1CD51841F5F8A02 /* YolkCardBack.swift in Sources */ = {isa = PBXBuildFile; fileRef = B4438975C80653EBA9197E0C /* YolkCardBack.swift */; };
		8B8E18E2B8EE1D580D861F3D /* RevenueCatUI in Frameworks */ = {isa = PBXBuildFile; productRef = 9E64CF6D045ACC42F06467FE /* RevenueCatUI */; };
		8C53DF8310A4FFB8B27E6023 /* TypewriterText.swift in Sources */ = {isa = PBXBuildFile; fileRef = 689CB056088DED814BB7D8E5 /* TypewriterText.swift */; };
		8D25FD82B5D02C23463C3A46 /* YolkCard.swift in Sources */ = {isa = PBXBuildFile; fileRef = E55E15A3191441EF6DD5D2C0 /* YolkCard.swift */; };
		92C0E2E29F7A45029311A94A /* PrivacyInfo.xcprivacy in Resources */ = {isa = PBXBuildFile; fileRef = 9F16803B4B290C5582A6C301 /* PrivacyInfo.xcprivacy */; };
		934596132191A3732F457369 /* FocusActivityAttributes.swift in Sources */ = {isa = PBXBuildFile; fileRef = BC1164E4A9B9125BB08DE78C /* FocusActivityAttributes.swift */; };
		93CEE6FD3DD7CA641387B75D /* WatchPublisher.swift in Sources */ = {isa = PBXBuildFile; fileRef = 72FD5561EB45544F72742563 /* WatchPublisher.swift */; };
		9753D9F73A7C9C6D34C1A2A6 /* CardDetailView.swift in Sources */ = {isa = PBXBuildFile; fileRef = 4A5DF92AB0E724AF0780577E /* CardDetailView.swift */; };
		984F2FF722D79E95EDC451AB /* QRCodeView.swift in Sources */ = {isa = PBXBuildFile; fileRef = 7271B792C6CDA97F073DDC10 /* QRCodeView.swift */; };
		A3456E748BB01E749F4C4FD9 /* RoomDecor.swift in Sources */ = {isa = PBXBuildFile; fileRef = 3A6E1C7F2E31B22D27023A1B /* RoomDecor.swift */; };
		A7014539ACA074D72F2EE1A7 /* Onest-VF.ttf in Resources */ = {isa = PBXBuildFile; fileRef = 062DF25F0B107A6A708BE8E2 /* Onest-VF.ttf */; };
		A8432871D410E7E800903F8F /* SocialModels.swift in Sources */ = {isa = PBXBuildFile; fileRef = 02B3C10F5C7A1D79618B0B35 /* SocialModels.swift */; };
		AA2F9619CCFEA5395EB5D25F /* WanderArrival.swift in Sources */ = {isa = PBXBuildFile; fileRef = 46E50093F8B5CD1A4FB50FE1 /* WanderArrival.swift */; };
		ABA9885E8F8594EE01C4A444 /* WidgetSnapshot.swift in Sources */ = {isa = PBXBuildFile; fileRef = BE97CC199270E8FD1BCC9874 /* WidgetSnapshot.swift */; };
		AC2ED85FEDFC4238EB54D9B7 /* ScreenTimeReport.swift in Sources */ = {isa = PBXBuildFile; fileRef = B882A1710147434DD16C02B3 /* ScreenTimeReport.swift */; };
		AFCD4B498426B4ABD40F4804 /* StreakEngineTests.swift in Sources */ = {isa = PBXBuildFile; fileRef = 7BB9C33AA7D56912EC109F71 /* StreakEngineTests.swift */; };
		B1EADEF941BA2EED96F4A3B8 /* FriendsView.swift in Sources */ = {isa = PBXBuildFile; fileRef = 7E9E562134085B1FEF2F1E4F /* FriendsView.swift */; };
		B230DDE4DA3A2793C38B4C11 /* YolkCardFace.swift in Sources */ = {isa = PBXBuildFile; fileRef = 0A2F368C2F7CFCEF100548E1 /* YolkCardFace.swift */; };
		B2F7A5E40D9C63BADB899598 /* YolkGlyph.swift in Sources */ = {isa = PBXBuildFile; fileRef = F5C8E056F2348AD91667D6C4 /* YolkGlyph.swift */; };
		B3140FD6A3D1EB7B1A6E617C /* RoomDecor.swift in Sources */ = {isa = PBXBuildFile; fileRef = 3A6E1C7F2E31B22D27023A1B /* RoomDecor.swift */; };
		B378611273BF8B1D3F1396EC /* YolkDialog.swift in Sources */ = {isa = PBXBuildFile; fileRef = BC859F6086205595CCA3548F /* YolkDialog.swift */; };
		B5B2EFAF71B525CF370EC632 /* YolklingWatchApp.swift in Sources */ = {isa = PBXBuildFile; fileRef = E011F05F71F616426CCE0C22 /* YolklingWatchApp.swift */; };
		B6F1A002A4884531D733EF46 /* SocialStore.swift in Sources */ = {isa = PBXBuildFile; fileRef = 4799EF90AC77C8C84A3D581B /* SocialStore.swift */; };
		BA925A3A4FA9DD75958F5189 /* AppEnvironment.swift in Sources */ = {isa = PBXBuildFile; fileRef = C6242A91695E361503D3DAA6 /* AppEnvironment.swift */; };
		BB04580D3125794B8DB6BD99 /* YolklingApp.swift in Sources */ = {isa = PBXBuildFile; fileRef = FE819215FD090FE423F75193 /* YolklingApp.swift */; };
		BB7652868F1A1B518E9EB1F4 /* PlusView.swift in Sources */ = {isa = PBXBuildFile; fileRef = FD45FAF49212DA1B82C7A4E4 /* PlusView.swift */; };
		BD284E721748D9A0590066F4 /* ShopHomeView.swift in Sources */ = {isa = PBXBuildFile; fileRef = B615D4D6A96E713CDD933F5D /* ShopHomeView.swift */; };
		C1DED04D454F150D89F0A062 /* WidgetSnapshot.swift in Sources */ = {isa = PBXBuildFile; fileRef = BE97CC199270E8FD1BCC9874 /* WidgetSnapshot.swift */; };
		C480FA56FCB49E46CB06330F /* SeasonalEvent.swift in Sources */ = {isa = PBXBuildFile; fileRef = AEEAB12F5F5DA67AF043023C /* SeasonalEvent.swift */; };
		C4B9464AFB8CB75445896E50 /* WanderHomeView.swift in Sources */ = {isa = PBXBuildFile; fileRef = B67DF3CE64F1960029BBAB1C /* WanderHomeView.swift */; };
		C5670AB65ECB4D8B04B5808C /* RoomZone.swift in Sources */ = {isa = PBXBuildFile; fileRef = A7558E421CB8F49D94D63FD7 /* RoomZone.swift */; };
		C6646B454E0F91B067AE8521 /* CardTilt.swift in Sources */ = {isa = PBXBuildFile; fileRef = DAC8CE71D9E0A6DB09B74507 /* CardTilt.swift */; };
		C8FA2259AB6E724DBD0936CF /* WatchHomeView.swift in Sources */ = {isa = PBXBuildFile; fileRef = 76F9F574238BB7BB1A867A45 /* WatchHomeView.swift */; };
		CA9F4D5D2F5BE5C80C7FFDE4 /* CosmeticPreviewGrid.swift in Sources */ = {isa = PBXBuildFile; fileRef = D442D1B6687019F1C76AEED5 /* CosmeticPreviewGrid.swift */; };
		CB5428C1CCDDEDEEA036D244 /* Wallet.swift in Sources */ = {isa = PBXBuildFile; fileRef = 974C6D0127079C7B7DCD5F95 /* Wallet.swift */; };
		CC95E3840269A681FB2E0953 /* SharePreview.swift in Sources */ = {isa = PBXBuildFile; fileRef = 7C9EA7652B10E7A58EC9A965 /* SharePreview.swift */; };
		CD3BDC853E4D567D4ECD735D /* DecorateView.swift in Sources */ = {isa = PBXBuildFile; fileRef = 1DCBEF321B406CD08787A8AD /* DecorateView.swift */; };
		CD940F0368D4571EF8B4583E /* Assets.xcassets in Resources */ = {isa = PBXBuildFile; fileRef = 30CB0A1116928879DE203401 /* Assets.xcassets */; };
		D193B0EC4BA95055C674F6FD /* YolklingWatch.app in Embed Watch Content */ = {isa = PBXBuildFile; fileRef = F9D7499994CC77D4E8B2315C /* YolklingWatch.app */; settings = {ATTRIBUTES = (RemoveHeadersOnCopy, ); }; };
		D1F0716DBE1CD83F845635F5 /* VisitSubject.swift in Sources */ = {isa = PBXBuildFile; fileRef = 8119A47DF6A19DA6E05DC232 /* VisitSubject.swift */; };
		D50F0CDABF1E313A8062F15C /* YolkCoin.swift in Sources */ = {isa = PBXBuildFile; fileRef = 47A494D2CA89407A6B8FB8BF /* YolkCoin.swift */; };
		D7EED7F76DB872F530706E37 /* YolklingCore in Frameworks */ = {isa = PBXBuildFile; productRef = 84AD81837A764554C261EAF5 /* YolklingCore */; };
		DA18942E463092E17CD21C7A /* WatchSyncModel.swift in Sources */ = {isa = PBXBuildFile; fileRef = 1EC2A9A993D94003C6B17422 /* WatchSyncModel.swift */; };
		DAAC52882B232B1980F924A5 /* TradeSheet.swift in Sources */ = {isa = PBXBuildFile; fileRef = 750F2FC038A981EDCD250E18 /* TradeSheet.swift */; };
		DC6715049B14E1C73DC19A60 /* DMMono-Regular.ttf in Resources */ = {isa = PBXBuildFile; fileRef = 3C7A696ACFBC053E0809E12F /* DMMono-Regular.ttf */; };
		DC94E6FABC5A521DD0D848EF /* Entitlements.swift in Sources */ = {isa = PBXBuildFile; fileRef = 43FF8FE4B124490B3815CD5B /* Entitlements.swift */; };
		E18BDFE35398DB24D678E54C /* ShareCardRenderer.swift in Sources */ = {isa = PBXBuildFile; fileRef = 84BAF4635144BD7C85922AB8 /* ShareCardRenderer.swift */; };
		E261AFCE62FB64987CEDB149 /* HomeView.swift in Sources */ = {isa = PBXBuildFile; fileRef = 2878B46B9482D667951C103B /* HomeView.swift */; };
		E3FB760D2CB53242FC1E4C8E /* RoomTheme.swift in Sources */ = {isa = PBXBuildFile; fileRef = 245BBB477DBDEAE4A4BC21D7 /* RoomTheme.swift */; };
		E6AD6071FF213AC002F4DCAE /* WidgetPublisher.swift in Sources */ = {isa = PBXBuildFile; fileRef = 36DC24772B748D797777AB22 /* WidgetPublisher.swift */; };
		E7FEADC4EC542107262901AD /* FriendRoomCard.swift in Sources */ = {isa = PBXBuildFile; fileRef = 22DB14FC98098997269CFE94 /* FriendRoomCard.swift */; };
		E8D0C3C3964CD981CBFACC61 /* HealthService.swift in Sources */ = {isa = PBXBuildFile; fileRef = FF65067E79FAEAB6D81D2EF4 /* HealthService.swift */; };
		ED4E74BB4114F9EA58A24D8C /* HatchModel.swift in Sources */ = {isa = PBXBuildFile; fileRef = 5B184DBAA492B4A6A4DF7A62 /* HatchModel.swift */; };
		EE8A541C3D503283B576EFE5 /* VibeQuiz.swift in Sources */ = {isa = PBXBuildFile; fileRef = 74D18639CD1E9A7E85A6D96B /* VibeQuiz.swift */; };
		EE8ECFF9FECF524B0766A792 /* FocusActivityAttributes.swift in Sources */ = {isa = PBXBuildFile; fileRef = BC1164E4A9B9125BB08DE78C /* FocusActivityAttributes.swift */; };
		F0CD39EDFF070A9DF531E05A /* RoomView.swift in Sources */ = {isa = PBXBuildFile; fileRef = 1A696350A3A3F96048352A62 /* RoomView.swift */; };
		F0D956D4138C84573620C1A5 /* RoomDecorView.swift in Sources */ = {isa = PBXBuildFile; fileRef = AAF8B2D085E28A73D8547687 /* RoomDecorView.swift */; };
		F29F2FF867AF2585B6D5A545 /* SupabaseClient.swift in Sources */ = {isa = PBXBuildFile; fileRef = F554785860AE53390D69233E /* SupabaseClient.swift */; };
		F2C5878F99269B2EDA41761C /* CollectionView.swift in Sources */ = {isa = PBXBuildFile; fileRef = D4FC884495811BB1821AF2CB /* CollectionView.swift */; };
		F31A3E2F41BFF29944253D77 /* PostcardCard.swift in Sources */ = {isa = PBXBuildFile; fileRef = 593CF31848BF060E5D52D091 /* PostcardCard.swift */; };
		F6C38D5F76F0AC1ED9BF1D17 /* YolklingScreenTimeReport.appex in Embed Foundation Extensions */ = {isa = PBXBuildFile; fileRef = EFBBB5EBD28E67B9E9F3CBD1 /* YolklingScreenTimeReport.appex */; settings = {ATTRIBUTES = (RemoveHeadersOnCopy, ); }; };
		F6E72741E88E322E12CFF18B /* FriendCollectionView.swift in Sources */ = {isa = PBXBuildFile; fileRef = F805DBDE5A6F13D8C74EDEC1 /* FriendCollectionView.swift */; };
		F881D46D850C51D7C10D8613 /* DMMono-Medium.ttf in Resources */ = {isa = PBXBuildFile; fileRef = 9D15365D04B20A3F0E2A6598 /* DMMono-Medium.ttf */; };
		F8EDA36F275CD41D1848BFE5 /* HomeTutorial.swift in Sources */ = {isa = PBXBuildFile; fileRef = 10EC7DE6F7CF79BD061CEDC9 /* HomeTutorial.swift */; };
		FAB6F8C59864F026AAC940A1 /* YolkMenu.swift in Sources */ = {isa = PBXBuildFile; fileRef = AD66B197F22F7316ED9073EF /* YolkMenu.swift */; };
		FBD468390A672D74FF782DCA /* CardScratchView.swift in Sources */ = {isa = PBXBuildFile; fileRef = DC9DF2A1897F2D6B597F6A9B /* CardScratchView.swift */; };
		FBEE7B6C3B94CF8C263C8033 /* RoomTheme.swift in Sources */ = {isa = PBXBuildFile; fileRef = 245BBB477DBDEAE4A4BC21D7 /* RoomTheme.swift */; };
		FBFF303FA92AE2EEBC97B37A /* YolkNotifications.swift in Sources */ = {isa = PBXBuildFile; fileRef = 4E4A5383B84FED32116786EF /* YolkNotifications.swift */; };
/* End PBXBuildFile section */

/* Begin PBXContainerItemProxy section */
		6D8C5801A27962C254385393 /* PBXContainerItemProxy */ = {
			isa = PBXContainerItemProxy;
			containerPortal = 69E0AAA1430A6FD73A3A4C78 /* Project object */;
			proxyType = 1;
			remoteGlobalIDString = D11C675502367D0547EDF59C;
			remoteInfo = YolklingWidgets;
		};
		9B07D46842A0AF86845D8F54 /* PBXContainerItemProxy */ = {
			isa = PBXContainerItemProxy;
			containerPortal = 69E0AAA1430A6FD73A3A4C78 /* Project object */;
			proxyType = 1;
			remoteGlobalIDString = 0380A3ADC7B50DF4DDD0B2A1;
			remoteInfo = YolklingWatch;
		};
		A41C040C4B0FBB7D8F1E87FA /* PBXContainerItemProxy */ = {
			isa = PBXContainerItemProxy;
			containerPortal = 69E0AAA1430A6FD73A3A4C78 /* Project object */;
			proxyType = 1;
			remoteGlobalIDString = 0F67D7AAA9597122D7BDE67C;
			remoteInfo = YolklingScreenTimeReport;
		};
		D8DE117C84E602A6608CC193 /* PBXContainerItemProxy */ = {
			isa = PBXContainerItemProxy;
			containerPortal = 69E0AAA1430A6FD73A3A4C78 /* Project object */;
			proxyType = 1;
			remoteGlobalIDString = DD2770B84A509DAFA8B6AA33;
			remoteInfo = Yolkling;
		};
/* End PBXContainerItemProxy section */

/* Begin PBXCopyFilesBuildPhase section */
		56D7E81FC894F6B7B4B2B83F /* Embed Watch Content */ = {
			isa = PBXCopyFilesBuildPhase;
			buildActionMask = 2147483647;
			dstPath = "$(CONTENTS_FOLDER_PATH)/Watch";
			dstSubfolderSpec = 16;
			files = (
				D193B0EC4BA95055C674F6FD /* YolklingWatch.app in Embed Watch Content */,
			);
			name = "Embed Watch Content";
			runOnlyForDeploymentPostprocessing = 0;
		};
		D285FE252D89964D5FA5EABC /* Embed Foundation Extensions */ = {
			isa = PBXCopyFilesBuildPhase;
			buildActionMask = 2147483647;
			dstPath = "";
			dstSubfolderSpec = 13;
			files = (
				4702ED8BB128D89E453FFCF6 /* YolklingWidgets.appex in Embed Foundation Extensions */,
				F6C38D5F76F0AC1ED9BF1D17 /* YolklingScreenTimeReport.appex in Embed Foundation Extensions */,
			);
			name = "Embed Foundation Extensions";
			runOnlyForDeploymentPostprocessing = 0;
		};
/* End PBXCopyFilesBuildPhase section */

/* Begin PBXFileReference section */
		022E45824D017316F04EAB9F /* YolkRoomWidget.swift */ = {isa = PBXFileReference; lastKnownFileType = sourcecode.swift; path = YolkRoomWidget.swift; sourceTree = "<group>"; };
		02B3C10F5C7A1D79618B0B35 /* SocialModels.swift */ = {isa = PBXFileReference; lastKnownFileType = sourcecode.swift; path = SocialModels.swift; sourceTree = "<group>"; };
		062DF25F0B107A6A708BE8E2 /* Onest-VF.ttf */ = {isa = PBXFileReference; lastKnownFileType = file; path = "Onest-VF.ttf"; sourceTree = "<group>"; };
		0A2F368C2F7CFCEF100548E1 /* YolkCardFace.swift */ = {isa = PBXFileReference; lastKnownFileType = sourcecode.swift; path = YolkCardFace.swift; sourceTree = "<group>"; };
		0A7C0703029E40E6699C7F53 /* Yolkling.app */ = {isa = PBXFileReference; includeInIndex = 0; lastKnownFileType = wrapper.application; path = Yolkling.app; sourceTree = BUILT_PRODUCTS_DIR; };
		0F68C53AD5A98B7826A38B32 /* Assets.xcassets */ = {isa = PBXFileReference; lastKnownFileType = folder.assetcatalog; path = Assets.xcassets; sourceTree = "<group>"; };
		0FA2EE3D862627BDDB70A446 /* YolklingWidgetBundle.swift */ = {isa = PBXFileReference; lastKnownFileType = sourcecode.swift; path = YolklingWidgetBundle.swift; sourceTree = "<group>"; };
		10EC7DE6F7CF79BD061CEDC9 /* HomeTutorial.swift */ = {isa = PBXFileReference; lastKnownFileType = sourcecode.swift; path = HomeTutorial.swift; sourceTree = "<group>"; };
		14C460FAA85BB2A5D657CBE3 /* ScreenTimeService.swift */ = {isa = PBXFileReference; lastKnownFileType = sourcecode.swift; path = ScreenTimeService.swift; sourceTree = "<group>"; };
		1A696350A3A3F96048352A62 /* RoomView.swift */ = {isa = PBXFileReference; lastKnownFileType = sourcecode.swift; path = RoomView.swift; sourceTree = "<group>"; };
		1DCBEF321B406CD08787A8AD /* DecorateView.swift */ = {isa = PBXFileReference; lastKnownFileType = sourcecode.swift; path = DecorateView.swift; sourceTree = "<group>"; };
		1EC2A9A993D94003C6B17422 /* WatchSyncModel.swift */ = {isa = PBXFileReference; lastKnownFileType = sourcecode.swift; path = WatchSyncModel.swift; sourceTree = "<group>"; };
		22DB14FC98098997269CFE94 /* FriendRoomCard.swift */ = {isa = PBXFileReference; lastKnownFileType = sourcecode.swift; path = FriendRoomCard.swift; sourceTree = "<group>"; };
		23B5B076C1A639A6479BBB95 /* TrustStageTests.swift */ = {isa = PBXFileReference; lastKnownFileType = sourcecode.swift; path = TrustStageTests.swift; sourceTree = "<group>"; };
		245BBB477DBDEAE4A4BC21D7 /* RoomTheme.swift */ = {isa = PBXFileReference; lastKnownFileType = sourcecode.swift; path = RoomTheme.swift; sourceTree = "<group>"; };
		271C78981C0D5681EF94171E /* Haptics.swift */ = {isa = PBXFileReference; lastKnownFileType = sourcecode.swift; path = Haptics.swift; sourceTree = "<group>"; };
		2878B46B9482D667951C103B /* HomeView.swift */ = {isa = PBXFileReference; lastKnownFileType = sourcecode.swift; path = HomeView.swift; sourceTree = "<group>"; };
		30CB0A1116928879DE203401 /* Assets.xcassets */ = {isa = PBXFileReference; lastKnownFileType = folder.assetcatalog; path = Assets.xcassets; sourceTree = "<group>"; };
		334D734661EDF43E80B4A217 /* SeasonBanner.swift */ = {isa = PBXFileReference; lastKnownFileType = sourcecode.swift; path = SeasonBanner.swift; sourceTree = "<group>"; };
		36DC24772B748D797777AB22 /* WidgetPublisher.swift */ = {isa = PBXFileReference; lastKnownFileType = sourcecode.swift; path = WidgetPublisher.swift; sourceTree = "<group>"; };
		3A6E1C7F2E31B22D27023A1B /* RoomDecor.swift */ = {isa = PBXFileReference; lastKnownFileType = sourcecode.swift; path = RoomDecor.swift; sourceTree = "<group>"; };
		3C7A696ACFBC053E0809E12F /* DMMono-Regular.ttf */ = {isa = PBXFileReference; lastKnownFileType = file; path = "DMMono-Regular.ttf"; sourceTree = "<group>"; };
		3C8CF8FD294F1454E5591F21 /* EggView.swift */ = {isa = PBXFileReference; lastKnownFileType = sourcecode.swift; path = EggView.swift; sourceTree = "<group>"; };
		3E710CBEC1093FE73775F1BE /* QRScannerView.swift */ = {isa = PBXFileReference; lastKnownFileType = sourcecode.swift; path = QRScannerView.swift; sourceTree = "<group>"; };
		3EE358D6CD83AA87EA6358B2 /* MoodCheckInView.swift */ = {isa = PBXFileReference; lastKnownFileType = sourcecode.swift; path = MoodCheckInView.swift; sourceTree = "<group>"; };
		3F69CA2DFF74B06646EE1D12 /* Yolkling.entitlements */ = {isa = PBXFileReference; lastKnownFileType = text.plist.entitlements; path = Yolkling.entitlements; sourceTree = "<group>"; };
		41F403602C69613F256AC4FD /* YolkSegmented.swift */ = {isa = PBXFileReference; lastKnownFileType = sourcecode.swift; path = YolkSegmented.swift; sourceTree = "<group>"; };
		43FF8FE4B124490B3815CD5B /* Entitlements.swift */ = {isa = PBXFileReference; lastKnownFileType = sourcecode.swift; path = Entitlements.swift; sourceTree = "<group>"; };
		454CD38CF659BCE1CAF57AB5 /* RootView.swift */ = {isa = PBXFileReference; lastKnownFileType = sourcecode.swift; path = RootView.swift; sourceTree = "<group>"; };
		45701349448C8131182AD13C /* WidgetHowToView.swift */ = {isa = PBXFileReference; lastKnownFileType = sourcecode.swift; path = WidgetHowToView.swift; sourceTree = "<group>"; };
		46E50093F8B5CD1A4FB50FE1 /* WanderArrival.swift */ = {isa = PBXFileReference; lastKnownFileType = sourcecode.swift; path = WanderArrival.swift; sourceTree = "<group>"; };
		4799EF90AC77C8C84A3D581B /* SocialStore.swift */ = {isa = PBXFileReference; lastKnownFileType = sourcecode.swift; path = SocialStore.swift; sourceTree = "<group>"; };
		47A494D2CA89407A6B8FB8BF /* YolkCoin.swift */ = {isa = PBXFileReference; lastKnownFileType = sourcecode.swift; path = YolkCoin.swift; sourceTree = "<group>"; };
		4A5DF92AB0E724AF0780577E /* CardDetailView.swift */ = {isa = PBXFileReference; lastKnownFileType = sourcecode.swift; path = CardDetailView.swift; sourceTree = "<group>"; };
		4CCF8ECE26CC48006007F98E /* ScreenTimeShare.swift */ = {isa = PBXFileReference; lastKnownFileType = sourcecode.swift; path = ScreenTimeShare.swift; sourceTree = "<group>"; };
		4E4A5383B84FED32116786EF /* YolkNotifications.swift */ = {isa = PBXFileReference; lastKnownFileType = sourcecode.swift; path = YolkNotifications.swift; sourceTree = "<group>"; };
		525C2E9327AAC745CB3DD23D /* SwapPreview.swift */ = {isa = PBXFileReference; lastKnownFileType = sourcecode.swift; path = SwapPreview.swift; sourceTree = "<group>"; };
		571CDDC06280096B10794E7C /* PostcardViews.swift */ = {isa = PBXFileReference; lastKnownFileType = sourcecode.swift; path = PostcardViews.swift; sourceTree = "<group>"; };
		57E7F2809A70CE580B97F50B /* PrivacyInfo.xcprivacy */ = {isa = PBXFileReference; path = PrivacyInfo.xcprivacy; sourceTree = "<group>"; };
		593CF31848BF060E5D52D091 /* PostcardCard.swift */ = {isa = PBXFileReference; lastKnownFileType = sourcecode.swift; path = PostcardCard.swift; sourceTree = "<group>"; };
		5B184DBAA492B4A6A4DF7A62 /* HatchModel.swift */ = {isa = PBXFileReference; lastKnownFileType = sourcecode.swift; path = HatchModel.swift; sourceTree = "<group>"; };
		5C049B150140A0C2342A398A /* GrowFriendsView.swift */ = {isa = PBXFileReference; lastKnownFileType = sourcecode.swift; path = GrowFriendsView.swift; sourceTree = "<group>"; };
		6140FCDBA2426893DDB84717 /* DriftSheet.swift */ = {isa = PBXFileReference; lastKnownFileType = sourcecode.swift; path = DriftSheet.swift; sourceTree = "<group>"; };
		6650BC19D1D0DA03F736FF1A /* WhileYouWereAwayStrip.swift */ = {isa = PBXFileReference; lastKnownFileType = sourcecode.swift; path = WhileYouWereAwayStrip.swift; sourceTree = "<group>"; };
		689CB056088DED814BB7D8E5 /* TypewriterText.swift */ = {isa = PBXFileReference; lastKnownFileType = sourcecode.swift; path = TypewriterText.swift; sourceTree = "<group>"; };
		6B11B8AC851E841F937667EF /* EventStore.swift */ = {isa = PBXFileReference; lastKnownFileType = sourcecode.swift; path = EventStore.swift; sourceTree = "<group>"; };
		7271B792C6CDA97F073DDC10 /* QRCodeView.swift */ = {isa = PBXFileReference; lastKnownFileType = sourcecode.swift; path = QRCodeView.swift; sourceTree = "<group>"; };
		72FD5561EB45544F72742563 /* WatchPublisher.swift */ = {isa = PBXFileReference; lastKnownFileType = sourcecode.swift; path = WatchPublisher.swift; sourceTree = "<group>"; };
		74D18639CD1E9A7E85A6D96B /* VibeQuiz.swift */ = {isa = PBXFileReference; lastKnownFileType = sourcecode.swift; path = VibeQuiz.swift; sourceTree = "<group>"; };
		750F2FC038A981EDCD250E18 /* TradeSheet.swift */ = {isa = PBXFileReference; lastKnownFileType = sourcecode.swift; path = TradeSheet.swift; sourceTree = "<group>"; };
		76F9F574238BB7BB1A867A45 /* WatchHomeView.swift */ = {isa = PBXFileReference; lastKnownFileType = sourcecode.swift; path = WatchHomeView.swift; sourceTree = "<group>"; };
		775778FA780FB58DC2F96847 /* HoloMaterial.swift */ = {isa = PBXFileReference; lastKnownFileType = sourcecode.swift; path = HoloMaterial.swift; sourceTree = "<group>"; };
		77B3DF45A83DE92F2CDBBAA4 /* YolklingWidgets.appex */ = {isa = PBXFileReference; includeInIndex = 0; lastKnownFileType = "wrapper.app-extension"; path = YolklingWidgets.appex; sourceTree = BUILT_PRODUCTS_DIR; };
		77C4E64C5781F3C8518BCB9B /* SpeciesTests.swift */ = {isa = PBXFileReference; lastKnownFileType = sourcecode.swift; path = SpeciesTests.swift; sourceTree = "<group>"; };
		7A1C490033D514C40A0067B7 /* PackRevealView.swift */ = {isa = PBXFileReference; lastKnownFileType = sourcecode.swift; path = PackRevealView.swift; sourceTree = "<group>"; };
		7BB9C33AA7D56912EC109F71 /* StreakEngineTests.swift */ = {isa = PBXFileReference; lastKnownFileType = sourcecode.swift; path = StreakEngineTests.swift; sourceTree = "<group>"; };
		7C9EA7652B10E7A58EC9A965 /* SharePreview.swift */ = {isa = PBXFileReference; lastKnownFileType = sourcecode.swift; path = SharePreview.swift; sourceTree = "<group>"; };
		7D7409FEFD12957C004BB91D /* ReferralView.swift */ = {isa = PBXFileReference; lastKnownFileType = sourcecode.swift; path = ReferralView.swift; sourceTree = "<group>"; };
		7D92FE830A5B71AC26B90E21 /* SpeciesGalleryView.swift */ = {isa = PBXFileReference; lastKnownFileType = sourcecode.swift; path = SpeciesGalleryView.swift; sourceTree = "<group>"; };
		7E7AFB40028E43F26BD38206 /* OnboardingView.swift */ = {isa = PBXFileReference; lastKnownFileType = sourcecode.swift; path = OnboardingView.swift; sourceTree = "<group>"; };
		7E9E562134085B1FEF2F1E4F /* FriendsView.swift */ = {isa = PBXFileReference; lastKnownFileType = sourcecode.swift; path = FriendsView.swift; sourceTree = "<group>"; };
		8119A47DF6A19DA6E05DC232 /* VisitSubject.swift */ = {isa = PBXFileReference; lastKnownFileType = sourcecode.swift; path = VisitSubject.swift; sourceTree = "<group>"; };
		84BAF4635144BD7C85922AB8 /* ShareCardRenderer.swift */ = {isa = PBXFileReference; lastKnownFileType = sourcecode.swift; path = ShareCardRenderer.swift; sourceTree = "<group>"; };
		886B48B3C1A83FC87B2FA7DC /* ItemTile.swift */ = {isa = PBXFileReference; lastKnownFileType = sourcecode.swift; path = ItemTile.swift; sourceTree = "<group>"; };
		8DCD055E27868773534C0E1B /* SyncTests.swift */ = {isa = PBXFileReference; lastKnownFileType = sourcecode.swift; path = SyncTests.swift; sourceTree = "<group>"; };
		942DFA5CF79A002209692D9D /* ScreenTimeReportHost.swift */ = {isa = PBXFileReference; lastKnownFileType = sourcecode.swift; path = ScreenTimeReportHost.swift; sourceTree = "<group>"; };
		974C6D0127079C7B7DCD5F95 /* Wallet.swift */ = {isa = PBXFileReference; lastKnownFileType = sourcecode.swift; path = Wallet.swift; sourceTree = "<group>"; };
		9D15365D04B20A3F0E2A6598 /* DMMono-Medium.ttf */ = {isa = PBXFileReference; lastKnownFileType = file; path = "DMMono-Medium.ttf"; sourceTree = "<group>"; };
		9F16803B4B290C5582A6C301 /* PrivacyInfo.xcprivacy */ = {isa = PBXFileReference; path = PrivacyInfo.xcprivacy; sourceTree = "<group>"; };
		A2A5A57163EFCA5D3FA63808 /* Info.plist */ = {isa = PBXFileReference; lastKnownFileType = text.plist; path = Info.plist; sourceTree = "<group>"; };
		A388843295E23F423C6D05DE /* PostcardVocabulary.swift */ = {isa = PBXFileReference; lastKnownFileType = sourcecode.swift; path = PostcardVocabulary.swift; sourceTree = "<group>"; };
		A7558E421CB8F49D94D63FD7 /* RoomZone.swift */ = {isa = PBXFileReference; lastKnownFileType = sourcecode.swift; path = RoomZone.swift; sourceTree = "<group>"; };
		A999B3ECF4F6D60AF1777E91 /* Info.plist */ = {isa = PBXFileReference; lastKnownFileType = text.plist; path = Info.plist; sourceTree = "<group>"; };
		AA14B0BD0FCF8A0D740D3B22 /* ScreenTimeReport.entitlements */ = {isa = PBXFileReference; lastKnownFileType = text.plist.entitlements; path = ScreenTimeReport.entitlements; sourceTree = "<group>"; };
		AAF8B2D085E28A73D8547687 /* RoomDecorView.swift */ = {isa = PBXFileReference; lastKnownFileType = sourcecode.swift; path = RoomDecorView.swift; sourceTree = "<group>"; };
		AB4B5E5BA8C8DEB8E7E6510C /* WalletTests.swift */ = {isa = PBXFileReference; lastKnownFileType = sourcecode.swift; path = WalletTests.swift; sourceTree = "<group>"; };
		AD66B197F22F7316ED9073EF /* YolkMenu.swift */ = {isa = PBXFileReference; lastKnownFileType = sourcecode.swift; path = YolkMenu.swift; sourceTree = "<group>"; };
		AEEAB12F5F5DA67AF043023C /* SeasonalEvent.swift */ = {isa = PBXFileReference; lastKnownFileType = sourcecode.swift; path = SeasonalEvent.swift; sourceTree = "<group>"; };
		AF4187DA7A92439863DAF815 /* YolklingWidgets.entitlements */ = {isa = PBXFileReference; lastKnownFileType = text.plist.entitlements; path = YolklingWidgets.entitlements; sourceTree = "<group>"; };
		B00E5F0B2E4AE46F432F74D6 /* RewardsTests.swift */ = {isa = PBXFileReference; lastKnownFileType = sourcecode.swift; path = RewardsTests.swift; sourceTree = "<group>"; };
		B10352955EC8A724ED2AEAC4 /* VisitView.swift */ = {isa = PBXFileReference; lastKnownFileType = sourcecode.swift; path = VisitView.swift; sourceTree = "<group>"; };
		B4438975C80653EBA9197E0C /* YolkCardBack.swift */ = {isa = PBXFileReference; lastKnownFileType = sourcecode.swift; path = YolkCardBack.swift; sourceTree = "<group>"; };
		B5F3C7ABE35E8A6A13DB7AA3 /* FoundingRevealView.swift */ = {isa = PBXFileReference; lastKnownFileType = sourcecode.swift; path = FoundingRevealView.swift; sourceTree = "<group>"; };
		B615D4D6A96E713CDD933F5D /* ShopHomeView.swift */ = {isa = PBXFileReference; lastKnownFileType = sourcecode.swift; path = ShopHomeView.swift; sourceTree = "<group>"; };
		B67DF3CE64F1960029BBAB1C /* WanderHomeView.swift */ = {isa = PBXFileReference; lastKnownFileType = sourcecode.swift; path = WanderHomeView.swift; sourceTree = "<group>"; };
		B882A1710147434DD16C02B3 /* ScreenTimeReport.swift */ = {isa = PBXFileReference; lastKnownFileType = sourcecode.swift; path = ScreenTimeReport.swift; sourceTree = "<group>"; };
		B92FB205D188E7646C9BC467 /* SubscriptionStore.swift */ = {isa = PBXFileReference; lastKnownFileType = sourcecode.swift; path = SubscriptionStore.swift; sourceTree = "<group>"; };
		B946F4E30EF2C84EE207202E /* Router.swift */ = {isa = PBXFileReference; lastKnownFileType = sourcecode.swift; path = Router.swift; sourceTree = "<group>"; };
		BC1164E4A9B9125BB08DE78C /* FocusActivityAttributes.swift */ = {isa = PBXFileReference; lastKnownFileType = sourcecode.swift; path = FocusActivityAttributes.swift; sourceTree = "<group>"; };
		BC859F6086205595CCA3548F /* YolkDialog.swift */ = {isa = PBXFileReference; lastKnownFileType = sourcecode.swift; path = YolkDialog.swift; sourceTree = "<group>"; };
		BE97CC199270E8FD1BCC9874 /* WidgetSnapshot.swift */ = {isa = PBXFileReference; lastKnownFileType = sourcecode.swift; path = WidgetSnapshot.swift; sourceTree = "<group>"; };
		BEE7AD43C334266A4F352AB8 /* FocusLiveActivity.swift */ = {isa = PBXFileReference; lastKnownFileType = sourcecode.swift; path = FocusLiveActivity.swift; sourceTree = "<group>"; };
		C3E4BB5586801A2B60F7F7A7 /* Rewards.swift */ = {isa = PBXFileReference; lastKnownFileType = sourcecode.swift; path = Rewards.swift; sourceTree = "<group>"; };
		C6242A91695E361503D3DAA6 /* AppEnvironment.swift */ = {isa = PBXFileReference; lastKnownFileType = sourcecode.swift; path = AppEnvironment.swift; sourceTree = "<group>"; };
		C79354CB80CA860721463727 /* DMSans-VF.ttf */ = {isa = PBXFileReference; lastKnownFileType = file; path = "DMSans-VF.ttf"; sourceTree = "<group>"; };
		C95D3E4FE309120014CA4B4F /* DeepLink.swift */ = {isa = PBXFileReference; lastKnownFileType = sourcecode.swift; path = DeepLink.swift; sourceTree = "<group>"; };
		CC9F2A0791D44AD80081B7DE /* YolklingTests.xctest */ = {isa = PBXFileReference; includeInIndex = 0; lastKnownFileType = wrapper.cfbundle; path = YolklingTests.xctest; sourceTree = BUILT_PRODUCTS_DIR; };
		D071416EBE1A5EEBC6B0564E /* Player.swift */ = {isa = PBXFileReference; lastKnownFileType = sourcecode.swift; path = Player.swift; sourceTree = "<group>"; };
		D3023148FA25E063CED922DF /* SyncClient.swift */ = {isa = PBXFileReference; lastKnownFileType = sourcecode.swift; path = SyncClient.swift; sourceTree = "<group>"; };
		D442D1B6687019F1C76AEED5 /* CosmeticPreviewGrid.swift */ = {isa = PBXFileReference; lastKnownFileType = sourcecode.swift; path = CosmeticPreviewGrid.swift; sourceTree = "<group>"; };
		D4FC884495811BB1821AF2CB /* CollectionView.swift */ = {isa = PBXFileReference; lastKnownFileType = sourcecode.swift; path = CollectionView.swift; sourceTree = "<group>"; };
				DAC8CE71D9E0A6DB09B74507 /* CardTilt.swift */ = {isa = PBXFileReference; lastKnownFileType = sourcecode.swift; path = CardTilt.swift; sourceTree = "<group>"; };
		DC9DF2A1897F2D6B597F6A9B /* CardScratchView.swift */ = {isa = PBXFileReference; lastKnownFileType = sourcecode.swift; path = CardScratchView.swift; sourceTree = "<group>"; };
		DE4A247C7625F453B1BBA6DF /* WardrobeStore.swift */ = {isa = PBXFileReference; lastKnownFileType = sourcecode.swift; path = WardrobeStore.swift; sourceTree = "<group>"; };
		E011F05F71F616426CCE0C22 /* YolklingWatchApp.swift */ = {isa = PBXFileReference; lastKnownFileType = sourcecode.swift; path = YolklingWatchApp.swift; sourceTree = "<group>"; };
		E3E3DAFC3357CF16EDB765B2 /* FocusView.swift */ = {isa = PBXFileReference; lastKnownFileType = sourcecode.swift; path = FocusView.swift; sourceTree = "<group>"; };
		E55E15A3191441EF6DD5D2C0 /* YolkCard.swift */ = {isa = PBXFileReference; lastKnownFileType = sourcecode.swift; path = YolkCard.swift; sourceTree = "<group>"; };
		EDC43CFE7BE7D26FE43A29BE /* CardShareCard.swift */ = {isa = PBXFileReference; lastKnownFileType = sourcecode.swift; path = CardShareCard.swift; sourceTree = "<group>"; };
		EEED2350E8757F38C29F9CB9 /* FocusSessionStore.swift */ = {isa = PBXFileReference; lastKnownFileType = sourcecode.swift; path = FocusSessionStore.swift; sourceTree = "<group>"; };
		EFBBB5EBD28E67B9E9F3CBD1 /* YolklingScreenTimeReport.appex */ = {isa = PBXFileReference; includeInIndex = 0; lastKnownFileType = "wrapper.app-extension"; path = YolklingScreenTimeReport.appex; sourceTree = BUILT_PRODUCTS_DIR; };
		EFC6AD7229641595F1324223 /* ProfileView.swift */ = {isa = PBXFileReference; lastKnownFileType = sourcecode.swift; path = ProfileView.swift; sourceTree = "<group>"; };
		F554785860AE53390D69233E /* SupabaseClient.swift */ = {isa = PBXFileReference; lastKnownFileType = sourcecode.swift; path = SupabaseClient.swift; sourceTree = "<group>"; };
		F5C8E056F2348AD91667D6C4 /* YolkGlyph.swift */ = {isa = PBXFileReference; lastKnownFileType = sourcecode.swift; path = YolkGlyph.swift; sourceTree = "<group>"; };
		F805DBDE5A6F13D8C74EDEC1 /* FriendCollectionView.swift */ = {isa = PBXFileReference; lastKnownFileType = sourcecode.swift; path = FriendCollectionView.swift; sourceTree = "<group>"; };
		F9D7499994CC77D4E8B2315C /* YolklingWatch.app */ = {isa = PBXFileReference; explicitFileType = wrapper.application; includeInIndex = 0; path = YolklingWatch.app; sourceTree = BUILT_PRODUCTS_DIR; };
		FD20DDA9932DC37F8B2B837F /* FeedbackView.swift */ = {isa = PBXFileReference; lastKnownFileType = sourcecode.swift; path = FeedbackView.swift; sourceTree = "<group>"; };
		FD45FAF49212DA1B82C7A4E4 /* PlusView.swift */ = {isa = PBXFileReference; lastKnownFileType = sourcecode.swift; path = PlusView.swift; sourceTree = "<group>"; };
		FE819215FD090FE423F75193 /* YolklingApp.swift */ = {isa = PBXFileReference; lastKnownFileType = sourcecode.swift; path = YolklingApp.swift; sourceTree = "<group>"; };
		FF65067E79FAEAB6D81D2EF4 /* HealthService.swift */ = {isa = PBXFileReference; lastKnownFileType = sourcecode.swift; path = HealthService.swift; sourceTree = "<group>"; };
/* End PBXFileReference section */

/* Begin PBXFrameworksBuildPhase section */
		60E9DA8CF82AEBC5335EE2C6 /* Frameworks */ = {
			isa = PBXFrameworksBuildPhase;
			buildActionMask = 2147483647;
			files = (
				5CC7F04849CB7739D0AB77C1 /* YolklingCore in Frameworks */,
				0761A9E428F716F629E0E8A8 /* RevenueCat in Frameworks */,
				8B8E18E2B8EE1D580D861F3D /* RevenueCatUI in Frameworks */,
			);
			runOnlyForDeploymentPostprocessing = 0;
		};
		68735BC6C594177B7D4E8D1A /* Frameworks */ = {
			isa = PBXFrameworksBuildPhase;
			buildActionMask = 2147483647;
			files = (
				21B8D5879A4E6E2D68C3134F /* YolklingCore in Frameworks */,
			);
			runOnlyForDeploymentPostprocessing = 0;
		};
		7EC00E4DA3CDC7E8DEFE628F /* Frameworks */ = {
			isa = PBXFrameworksBuildPhase;
			buildActionMask = 2147483647;
			files = (
				D7EED7F76DB872F530706E37 /* YolklingCore in Frameworks */,
			);
			runOnlyForDeploymentPostprocessing = 0;
		};
		9E78C75F547E4FAB3837DC4C /* Frameworks */ = {
			isa = PBXFrameworksBuildPhase;
			buildActionMask = 2147483647;
			files = (
				3CCB2A89A1C4E052771357C9 /* YolklingCore in Frameworks */,
			);
			runOnlyForDeploymentPostprocessing = 0;
		};
/* End PBXFrameworksBuildPhase section */

/* Begin PBXGroup section */
		01A9187FA967B88D238EE123 /* Widget */ = {
			isa = PBXGroup;
			children = (
				36DC24772B748D797777AB22 /* WidgetPublisher.swift */,
				BE97CC199270E8FD1BCC9874 /* WidgetSnapshot.swift */,
			);
			path = Widget;
			sourceTree = "<group>";
		};
		0854B81062865D2B4D07C03D /* Watch */ = {
			isa = PBXGroup;
			children = (
				72FD5561EB45544F72742563 /* WatchPublisher.swift */,
			);
			path = Watch;
			sourceTree = "<group>";
		};
		0B166213DBFCD7C33ACDCACB /* Components */ = {
			isa = PBXGroup;
			children = (
				41F403602C69613F256AC4FD /* YolkSegmented.swift */,
			);
			path = Components;
			sourceTree = "<group>";
		};
		0DFF0C49385D30FC1B237B73 /* ScreenTimeReport */ = {
			isa = PBXGroup;
			children = (
				A2A5A57163EFCA5D3FA63808 /* Info.plist */,
				AA14B0BD0FCF8A0D740D3B22 /* ScreenTimeReport.entitlements */,
				B882A1710147434DD16C02B3 /* ScreenTimeReport.swift */,
			);
			path = ScreenTimeReport;
			sourceTree = "<group>";
		};
		14AADFC0457FCD77853ED3EB /* YolklingWidgets */ = {
			isa = PBXGroup;
			children = (
				BEE7AD43C334266A4F352AB8 /* FocusLiveActivity.swift */,
				A999B3ECF4F6D60AF1777E91 /* Info.plist */,
				57E7F2809A70CE580B97F50B /* PrivacyInfo.xcprivacy */,
				0FA2EE3D862627BDDB70A446 /* YolklingWidgetBundle.swift */,
				AF4187DA7A92439863DAF815 /* YolklingWidgets.entitlements */,
				022E45824D017316F04EAB9F /* YolkRoomWidget.swift */,
			);
			path = YolklingWidgets;
			sourceTree = "<group>";
		};
		163BDE909C2DADE067A232D6 /* CheckIn */ = {
			isa = PBXGroup;
			children = (
				3EE358D6CD83AA87EA6358B2 /* MoodCheckInView.swift */,
			);
			path = CheckIn;
			sourceTree = "<group>";
		};
		186243131E83953742F60418 /* Focus */ = {
			isa = PBXGroup;
			children = (
				EEED2350E8757F38C29F9CB9 /* FocusSessionStore.swift */,
				E3E3DAFC3357CF16EDB765B2 /* FocusView.swift */,
			);
			path = Focus;
			sourceTree = "<group>";
		};
		2388AF86FB38DDACEBD2C246 /* Haptics */ = {
			isa = PBXGroup;
			children = (
				271C78981C0D5681EF94171E /* Haptics.swift */,
			);
			path = Haptics;
			sourceTree = "<group>";
		};
		34BCCA526A8E36F0B73F30BF /* Cards */ = {
			isa = PBXGroup;
			children = (
				DC9DF2A1897F2D6B597F6A9B /* CardScratchView.swift */,
				DAC8CE71D9E0A6DB09B74507 /* CardTilt.swift */,
				775778FA780FB58DC2F96847 /* HoloMaterial.swift */,
				E55E15A3191441EF6DD5D2C0 /* YolkCard.swift */,
				B4438975C80653EBA9197E0C /* YolkCardBack.swift */,
				0A2F368C2F7CFCEF100548E1 /* YolkCardFace.swift */,
			);
			path = Cards;
			sourceTree = "<group>";
		};
		394018C170D352E4CE8BBA3C /* Referral */ = {
			isa = PBXGroup;
			children = (
				B5F3C7ABE35E8A6A13DB7AA3 /* FoundingRevealView.swift */,
				7D7409FEFD12957C004BB91D /* ReferralView.swift */,
			);
			path = Referral;
			sourceTree = "<group>";
		};
		3EAAA2F47A1CBBB2BB67BB0D /* Widget */ = {
			isa = PBXGroup;
			children = (
				45701349448C8131182AD13C /* WidgetHowToView.swift */,
			);
			path = Widget;
			sourceTree = "<group>";
		};
		403973D1884A840E90EF3031 /* Features */ = {
			isa = PBXGroup;
			children = (
				163BDE909C2DADE067A232D6 /* CheckIn */,
				810CFBAA53A52F4CB671CA1D /* Feedback */,
				186243131E83953742F60418 /* Focus */,
				D96D42D771AE9DCAA8692A51 /* Home */,
				AB1C09C715E1EE28739CC0A7 /* Onboarding */,
				512C0E940DBDAF76ABE74008 /* Profile */,
				394018C170D352E4CE8BBA3C /* Referral */,
				6DCA0E333DB17D7FA149DE53 /* Room */,
				A8DA43B78DD80FDC98AD433F /* Shop */,
				631EAC4AF7D1E66CC20EF77B /* Social */,
				B3C1AF9241FAA90A167E8CC6 /* Species */,
				4809214EA95A54CEA9966665 /* Subscription */,
				57AAE09BD0A352C11682654D /* Wardrobe */,
				3EAAA2F47A1CBBB2BB67BB0D /* Widget */,
			);
			path = Features;
			sourceTree = "<group>";
		};
		4809214EA95A54CEA9966665 /* Subscription */ = {
			isa = PBXGroup;
			children = (
				FD45FAF49212DA1B82C7A4E4 /* PlusView.swift */,
			);
			path = Subscription;
			sourceTree = "<group>";
		};
		4846EE911EBDB76ADA46BC5C /* Configuration */ = {
			isa = PBXGroup;
			children = (
				C6242A91695E361503D3DAA6 /* AppEnvironment.swift */,
			);
			path = Configuration;
			sourceTree = "<group>";
		};
		512C0E940DBDAF76ABE74008 /* Profile */ = {
			isa = PBXGroup;
			children = (
				EFC6AD7229641595F1324223 /* ProfileView.swift */,
			);
			path = Profile;
			sourceTree = "<group>";
		};
		523F6BB3978812B8CF969D06 /* Navigation */ = {
			isa = PBXGroup;
			children = (
				C95D3E4FE309120014CA4B4F /* DeepLink.swift */,
				B946F4E30EF2C84EE207202E /* Router.swift */,
			);
			path = Navigation;
			sourceTree = "<group>";
		};
		57AAE09BD0A352C11682654D /* Wardrobe */ = {
			isa = PBXGroup;
			children = (
				D442D1B6687019F1C76AEED5 /* CosmeticPreviewGrid.swift */,
				974C6D0127079C7B7DCD5F95 /* Wallet.swift */,
				DE4A247C7625F453B1BBA6DF /* WardrobeStore.swift */,
			);
			path = Wardrobe;
			sourceTree = "<group>";
		};
		619ECA6D3E8E4951D510C960 /* Core */ = {
			isa = PBXGroup;
			children = (
				34BCCA526A8E36F0B73F30BF /* Cards */,
				0B166213DBFCD7C33ACDCACB /* Components */,
				4846EE911EBDB76ADA46BC5C /* Configuration */,
				F133806DEFF3EED5217B0482 /* DesignSystem */,
				8215FF7FD07AC4B81B86DC0C /* Economy */,
				EFA23118C29585F9BD8DCBA9 /* Events */,
				CA3F4309FAE99414E373CB46 /* Focus */,
				2388AF86FB38DDACEBD2C246 /* Haptics */,
				86DFC5E8904B1AD373D47733 /* Health */,
				523F6BB3978812B8CF969D06 /* Navigation */,
				684BB008FD7E864BC109F25D /* Networking */,
				782262E60D0F3A4685DFFBB4 /* Notifications */,
				FC69B27DD46E2C14C2CBC993 /* Persistence */,
				D585A12FC3A99236DF3122DC /* Rooms */,
				E75D35D0C3CCA9A26466E4F5 /* Share */,
				FF0BE94A516969245B4B0FB1 /* Social */,
				BC916C89D3535EFCD0979C44 /* Subscription */,
				F1C4B86FEF05D30824A5CF2F /* Sync */,
				0854B81062865D2B4D07C03D /* Watch */,
				01A9187FA967B88D238EE123 /* Widget */,
			);
			path = Core;
			sourceTree = "<group>";
		};
		62A421C17E74A75D43F7978E /* Fonts */ = {
			isa = PBXGroup;
			children = (
				9D15365D04B20A3F0E2A6598 /* DMMono-Medium.ttf */,
				3C7A696ACFBC053E0809E12F /* DMMono-Regular.ttf */,
				C79354CB80CA860721463727 /* DMSans-VF.ttf */,
				062DF25F0B107A6A708BE8E2 /* Onest-VF.ttf */,
			);
			path = Fonts;
			sourceTree = "<group>";
		};
		631EAC4AF7D1E66CC20EF77B /* Social */ = {
			isa = PBXGroup;
			children = (
				6140FCDBA2426893DDB84717 /* DriftSheet.swift */,
				F805DBDE5A6F13D8C74EDEC1 /* FriendCollectionView.swift */,
				22DB14FC98098997269CFE94 /* FriendRoomCard.swift */,
				7E9E562134085B1FEF2F1E4F /* FriendsView.swift */,
				5C049B150140A0C2342A398A /* GrowFriendsView.swift */,
				886B48B3C1A83FC87B2FA7DC /* ItemTile.swift */,
				571CDDC06280096B10794E7C /* PostcardViews.swift */,
				7271B792C6CDA97F073DDC10 /* QRCodeView.swift */,
				3E710CBEC1093FE73775F1BE /* QRScannerView.swift */,
				4799EF90AC77C8C84A3D581B /* SocialStore.swift */,
				525C2E9327AAC745CB3DD23D /* SwapPreview.swift */,
				750F2FC038A981EDCD250E18 /* TradeSheet.swift */,
				8119A47DF6A19DA6E05DC232 /* VisitSubject.swift */,
				B10352955EC8A724ED2AEAC4 /* VisitView.swift */,
				46E50093F8B5CD1A4FB50FE1 /* WanderArrival.swift */,
				B67DF3CE64F1960029BBAB1C /* WanderHomeView.swift */,
				6650BC19D1D0DA03F736FF1A /* WhileYouWereAwayStrip.swift */,
			);
			path = Social;
			sourceTree = "<group>";
		};
		684BB008FD7E864BC109F25D /* Networking */ = {
			isa = PBXGroup;
			children = (
				02B3C10F5C7A1D79618B0B35 /* SocialModels.swift */,
				F554785860AE53390D69233E /* SupabaseClient.swift */,
			);
			path = Networking;
			sourceTree = "<group>";
		};
		6DCA0E333DB17D7FA149DE53 /* Room */ = {
			isa = PBXGroup;
			children = (
				1DCBEF321B406CD08787A8AD /* DecorateView.swift */,
				1A696350A3A3F96048352A62 /* RoomView.swift */,
			);
			path = Room;
			sourceTree = "<group>";
		};
		6F72BC9517B3FCBF837ECA6D /* Resources */ = {
			isa = PBXGroup;
			children = (
				62A421C17E74A75D43F7978E /* Fonts */,
			);
			path = Resources;
			sourceTree = "<group>";
		};
		71BD2BB879E5513CE7EE95EC /* Yolkling */ = {
			isa = PBXGroup;
			children = (
				30CB0A1116928879DE203401 /* Assets.xcassets */,
				9F16803B4B290C5582A6C301 /* PrivacyInfo.xcprivacy */,
				3F69CA2DFF74B06646EE1D12 /* Yolkling.entitlements */,
				B4443624412C791213A0873A /* App */,
				619ECA6D3E8E4951D510C960 /* Core */,
				403973D1884A840E90EF3031 /* Features */,
				6F72BC9517B3FCBF837ECA6D /* Resources */,
			);
			path = Yolkling;
			sourceTree = "<group>";
		};
		782262E60D0F3A4685DFFBB4 /* Notifications */ = {
			isa = PBXGroup;
			children = (
				4E4A5383B84FED32116786EF /* YolkNotifications.swift */,
			);
			path = Notifications;
			sourceTree = "<group>";
		};
		810CFBAA53A52F4CB671CA1D /* Feedback */ = {
			isa = PBXGroup;
			children = (
				FD20DDA9932DC37F8B2B837F /* FeedbackView.swift */,
			);
			path = Feedback;
			sourceTree = "<group>";
		};
		8215FF7FD07AC4B81B86DC0C /* Economy */ = {
			isa = PBXGroup;
			children = (
				C3E4BB5586801A2B60F7F7A7 /* Rewards.swift */,
			);
			path = Economy;
			sourceTree = "<group>";
		};
		86DFC5E8904B1AD373D47733 /* Health */ = {
			isa = PBXGroup;
			children = (
				FF65067E79FAEAB6D81D2EF4 /* HealthService.swift */,
				942DFA5CF79A002209692D9D /* ScreenTimeReportHost.swift */,
				14C460FAA85BB2A5D657CBE3 /* ScreenTimeService.swift */,
				4CCF8ECE26CC48006007F98E /* ScreenTimeShare.swift */,
			);
			path = Health;
			sourceTree = "<group>";
		};
		87F2FE1F9BD3DA6D2543BDC6 /* YolklingTests */ = {
			isa = PBXGroup;
			children = (
				B00E5F0B2E4AE46F432F74D6 /* RewardsTests.swift */,
				77C4E64C5781F3C8518BCB9B /* SpeciesTests.swift */,
				7BB9C33AA7D56912EC109F71 /* StreakEngineTests.swift */,
				8DCD055E27868773534C0E1B /* SyncTests.swift */,
				23B5B076C1A639A6479BBB95 /* TrustStageTests.swift */,
				AB4B5E5BA8C8DEB8E7E6510C /* WalletTests.swift */,
			);
			path = YolklingTests;
			sourceTree = "<group>";
		};
		A8DA43B78DD80FDC98AD433F /* Shop */ = {
			isa = PBXGroup;
			children = (
				B615D4D6A96E713CDD933F5D /* ShopHomeView.swift */,
			);
			path = Shop;
			sourceTree = "<group>";
		};
		AA07E7E05826E49AEF6E4D23 /* Packages */ = {
			isa = PBXGroup;
			children = (
			);
			path = Packages;
			sourceTree = "<group>";
		};
		AB1C09C715E1EE28739CC0A7 /* Onboarding */ = {
			isa = PBXGroup;
			children = (
				3C8CF8FD294F1454E5591F21 /* EggView.swift */,
				5B184DBAA492B4A6A4DF7A62 /* HatchModel.swift */,
				7E7AFB40028E43F26BD38206 /* OnboardingView.swift */,
				74D18639CD1E9A7E85A6D96B /* VibeQuiz.swift */,
			);
			path = Onboarding;
			sourceTree = "<group>";
		};
		B3C1AF9241FAA90A167E8CC6 /* Species */ = {
			isa = PBXGroup;
			children = (
				4A5DF92AB0E724AF0780577E /* CardDetailView.swift */,
				D4FC884495811BB1821AF2CB /* CollectionView.swift */,
				7A1C490033D514C40A0067B7 /* PackRevealView.swift */,
				334D734661EDF43E80B4A217 /* SeasonBanner.swift */,
				7D92FE830A5B71AC26B90E21 /* SpeciesGalleryView.swift */,
			);
			path = Species;
			sourceTree = "<group>";
		};
		B4443624412C791213A0873A /* App */ = {
			isa = PBXGroup;
			children = (
				454CD38CF659BCE1CAF57AB5 /* RootView.swift */,
				FE819215FD090FE423F75193 /* YolklingApp.swift */,
			);
			path = App;
			sourceTree = "<group>";
		};
		BC916C89D3535EFCD0979C44 /* Subscription */ = {
			isa = PBXGroup;
			children = (
				43FF8FE4B124490B3815CD5B /* Entitlements.swift */,
				B92FB205D188E7646C9BC467 /* SubscriptionStore.swift */,
			);
			path = Subscription;
			sourceTree = "<group>";
		};
		C3B7D21C057DE99FD0C5F4C4 /* YolklingWatch */ = {
			isa = PBXGroup;
			children = (
				0F68C53AD5A98B7826A38B32 /* Assets.xcassets */,
				76F9F574238BB7BB1A867A45 /* WatchHomeView.swift */,
				1EC2A9A993D94003C6B17422 /* WatchSyncModel.swift */,
				E011F05F71F616426CCE0C22 /* YolklingWatchApp.swift */,
			);
			path = YolklingWatch;
			sourceTree = "<group>";
		};
		CA3F4309FAE99414E373CB46 /* Focus */ = {
			isa = PBXGroup;
			children = (
				BC1164E4A9B9125BB08DE78C /* FocusActivityAttributes.swift */,
			);
			path = Focus;
			sourceTree = "<group>";
		};
		D585A12FC3A99236DF3122DC /* Rooms */ = {
			isa = PBXGroup;
			children = (
				3A6E1C7F2E31B22D27023A1B /* RoomDecor.swift */,
				AAF8B2D085E28A73D8547687 /* RoomDecorView.swift */,
				245BBB477DBDEAE4A4BC21D7 /* RoomTheme.swift */,
				A7558E421CB8F49D94D63FD7 /* RoomZone.swift */,
			);
			path = Rooms;
			sourceTree = "<group>";
		};
		D96D42D771AE9DCAA8692A51 /* Home */ = {
			isa = PBXGroup;
			children = (
				10EC7DE6F7CF79BD061CEDC9 /* HomeTutorial.swift */,
				2878B46B9482D667951C103B /* HomeView.swift */,
			);
			path = Home;
			sourceTree = "<group>";
		};
		E2A10A56A4F49FDAB00AB42E = {
			isa = PBXGroup;
			children = (
				AA07E7E05826E49AEF6E4D23 /* Packages */,
				0DFF0C49385D30FC1B237B73 /* ScreenTimeReport */,
				71BD2BB879E5513CE7EE95EC /* Yolkling */,
				87F2FE1F9BD3DA6D2543BDC6 /* YolklingTests */,
				C3B7D21C057DE99FD0C5F4C4 /* YolklingWatch */,
				14AADFC0457FCD77853ED3EB /* YolklingWidgets */,
				E2AED7EF6ACD21CCF5BA9184 /* Products */,
			);
			sourceTree = "<group>";
		};
		E2AED7EF6ACD21CCF5BA9184 /* Products */ = {
			isa = PBXGroup;
			children = (
				0A7C0703029E40E6699C7F53 /* Yolkling.app */,
				EFBBB5EBD28E67B9E9F3CBD1 /* YolklingScreenTimeReport.appex */,
				CC9F2A0791D44AD80081B7DE /* YolklingTests.xctest */,
				F9D7499994CC77D4E8B2315C /* YolklingWatch.app */,
				77B3DF45A83DE92F2CDBBAA4 /* YolklingWidgets.appex */,
			);
			name = Products;
			sourceTree = "<group>";
		};
		E75D35D0C3CCA9A26466E4F5 /* Share */ = {
			isa = PBXGroup;
			children = (
				EDC43CFE7BE7D26FE43A29BE /* CardShareCard.swift */,
				593CF31848BF060E5D52D091 /* PostcardCard.swift */,
				84BAF4635144BD7C85922AB8 /* ShareCardRenderer.swift */,
				7C9EA7652B10E7A58EC9A965 /* SharePreview.swift */,
			);
			path = Share;
			sourceTree = "<group>";
		};
		EFA23118C29585F9BD8DCBA9 /* Events */ = {
			isa = PBXGroup;
			children = (
				6B11B8AC851E841F937667EF /* EventStore.swift */,
				AEEAB12F5F5DA67AF043023C /* SeasonalEvent.swift */,
			);
			path = Events;
			sourceTree = "<group>";
		};
		F133806DEFF3EED5217B0482 /* DesignSystem */ = {
			isa = PBXGroup;
			children = (
				689CB056088DED814BB7D8E5 /* TypewriterText.swift */,
				47A494D2CA89407A6B8FB8BF /* YolkCoin.swift */,
				BC859F6086205595CCA3548F /* YolkDialog.swift */,
				F5C8E056F2348AD91667D6C4 /* YolkGlyph.swift */,
				AD66B197F22F7316ED9073EF /* YolkMenu.swift */,
			);
			path = DesignSystem;
			sourceTree = "<group>";
		};
		F1C4B86FEF05D30824A5CF2F /* Sync */ = {
			isa = PBXGroup;
			children = (
				D3023148FA25E063CED922DF /* SyncClient.swift */,
			);
			path = Sync;
			sourceTree = "<group>";
		};
		FC69B27DD46E2C14C2CBC993 /* Persistence */ = {
			isa = PBXGroup;
			children = (
				D071416EBE1A5EEBC6B0564E /* Player.swift */,
			);
			path = Persistence;
			sourceTree = "<group>";
		};
		FF0BE94A516969245B4B0FB1 /* Social */ = {
			isa = PBXGroup;
			children = (
				A388843295E23F423C6D05DE /* PostcardVocabulary.swift */,
			);
			path = Social;
			sourceTree = "<group>";
		};
/* End PBXGroup section */

/* Begin PBXNativeTarget section */
		0380A3ADC7B50DF4DDD0B2A1 /* YolklingWatch */ = {
			isa = PBXNativeTarget;
			buildConfigurationList = E4E82E3723269A87B3E0BA27 /* Build configuration list for PBXNativeTarget "YolklingWatch" */;
			buildPhases = (
				EFDB27274840B17D81D1990B /* Sources */,
				5AE6E45DF637A99F103E0635 /* Resources */,
				9E78C75F547E4FAB3837DC4C /* Frameworks */,
			);
			buildRules = (
			);
			dependencies = (
			);
			name = YolklingWatch;
			packageProductDependencies = (
				D7F6707E384114D485D267DE /* YolklingCore */,
			);
			productName = YolklingWatch;
			productReference = F9D7499994CC77D4E8B2315C /* YolklingWatch.app */;
			productType = "com.apple.product-type.application";
		};
		0F67D7AAA9597122D7BDE67C /* YolklingScreenTimeReport */ = {
			isa = PBXNativeTarget;
			buildConfigurationList = 9EDA1E10D3E990DE46703F26 /* Build configuration list for PBXNativeTarget "YolklingScreenTimeReport" */;
			buildPhases = (
				CB202349CDB66C9075D7C687 /* Sources */,
			);
			buildRules = (
			);
			dependencies = (
			);
			name = YolklingScreenTimeReport;
			packageProductDependencies = (
			);
			productName = YolklingScreenTimeReport;
			productReference = EFBBB5EBD28E67B9E9F3CBD1 /* YolklingScreenTimeReport.appex */;
			productType = "com.apple.product-type.app-extension";
		};
		7D4565EBBB1BDB1D01B0CDA5 /* YolklingTests */ = {
			isa = PBXNativeTarget;
			buildConfigurationList = 3661EA5CC01B1F26EE17970A /* Build configuration list for PBXNativeTarget "YolklingTests" */;
			buildPhases = (
				F71C4032C3BBCE279AB59604 /* Sources */,
				68735BC6C594177B7D4E8D1A /* Frameworks */,
			);
			buildRules = (
			);
			dependencies = (
				BBE57DD53FE4405CBAD052F6 /* PBXTargetDependency */,
			);
			name = YolklingTests;
			packageProductDependencies = (
				1EF266223E6CA667789B7B66 /* YolklingCore */,
			);
			productName = YolklingTests;
			productReference = CC9F2A0791D44AD80081B7DE /* YolklingTests.xctest */;
			productType = "com.apple.product-type.bundle.unit-test";
		};
		D11C675502367D0547EDF59C /* YolklingWidgets */ = {
			isa = PBXNativeTarget;
			buildConfigurationList = D0C1D97F44D2F7B28655C540 /* Build configuration list for PBXNativeTarget "YolklingWidgets" */;
			buildPhases = (
				6DFABFAA97D8B59750326437 /* Sources */,
				37EBD319BA2C80BD9AFA4D56 /* Resources */,
				7EC00E4DA3CDC7E8DEFE628F /* Frameworks */,
			);
			buildRules = (
			);
			dependencies = (
			);
			name = YolklingWidgets;
			packageProductDependencies = (
				84AD81837A764554C261EAF5 /* YolklingCore */,
			);
			productName = YolklingWidgets;
			productReference = 77B3DF45A83DE92F2CDBBAA4 /* YolklingWidgets.appex */;
			productType = "com.apple.product-type.app-extension";
		};
		DD2770B84A509DAFA8B6AA33 /* Yolkling */ = {
			isa = PBXNativeTarget;
			buildConfigurationList = 74FF487326B59BE998E85338 /* Build configuration list for PBXNativeTarget "Yolkling" */;
			buildPhases = (
				B9DF030F9B48471D706190B8 /* Sources */,
				04FDBD6A1787203A56F5088A /* Resources */,
				60E9DA8CF82AEBC5335EE2C6 /* Frameworks */,
				D285FE252D89964D5FA5EABC /* Embed Foundation Extensions */,
				56D7E81FC894F6B7B4B2B83F /* Embed Watch Content */,
			);
			buildRules = (
			);
			dependencies = (
				2C679BC68071E4BE4B526EB1 /* PBXTargetDependency */,
				305A86CDBD810D744FCC67DF /* PBXTargetDependency */,
				0799C3ED763A08251491609C /* PBXTargetDependency */,
			);
			name = Yolkling;
			packageProductDependencies = (
				B9BC56A5A6215E934A19E1E0 /* YolklingCore */,
				7105AA21C4F6E3A47890C83D /* RevenueCat */,
				9E64CF6D045ACC42F06467FE /* RevenueCatUI */,
			);
			productName = Yolkling;
			productReference = 0A7C0703029E40E6699C7F53 /* Yolkling.app */;
			productType = "com.apple.product-type.application";
		};
/* End PBXNativeTarget section */

/* Begin PBXProject section */
		69E0AAA1430A6FD73A3A4C78 /* Project object */ = {
			isa = PBXProject;
			attributes = {
				BuildIndependentTargetsInParallel = YES;
				LastUpgradeCheck = 1430;
				TargetAttributes = {
					0380A3ADC7B50DF4DDD0B2A1 = {
						DevelopmentTeam = 94277H98XP;
						ProvisioningStyle = Automatic;
					};
					0F67D7AAA9597122D7BDE67C = {
						DevelopmentTeam = 94277H98XP;
						ProvisioningStyle = Automatic;
					};
					7D4565EBBB1BDB1D01B0CDA5 = {
						DevelopmentTeam = 94277H98XP;
						ProvisioningStyle = Automatic;
					};
					D11C675502367D0547EDF59C = {
						DevelopmentTeam = 94277H98XP;
						ProvisioningStyle = Automatic;
					};
					DD2770B84A509DAFA8B6AA33 = {
						DevelopmentTeam = 94277H98XP;
						ProvisioningStyle = Automatic;
					};
				};
			};
			buildConfigurationList = 2B1766693E09F30E5ABA8970 /* Build configuration list for PBXProject "Yolkling" */;
			developmentRegion = en;
			hasScannedForEncodings = 0;
			knownRegions = (
				Base,
				en,
			);
			mainGroup = E2A10A56A4F49FDAB00AB42E;
			minimizedProjectReferenceProxies = 1;
			packageReferences = (
				920E5094235B5AC36AF73228 /* XCRemoteSwiftPackageReference "purchases-ios" */,
				3958BAB1C9458F75F6D16722 /* XCLocalSwiftPackageReference "Packages/YolklingCore" */,
			);
			preferredProjectObjectVersion = 77;
			productRefGroup = E2AED7EF6ACD21CCF5BA9184 /* Products */;
			projectDirPath = "";
			projectRoot = "";
			targets = (
				DD2770B84A509DAFA8B6AA33 /* Yolkling */,
				D11C675502367D0547EDF59C /* YolklingWidgets */,
				0F67D7AAA9597122D7BDE67C /* YolklingScreenTimeReport */,
				0380A3ADC7B50DF4DDD0B2A1 /* YolklingWatch */,
				7D4565EBBB1BDB1D01B0CDA5 /* YolklingTests */,
			);
		};
/* End PBXProject section */

/* Begin PBXResourcesBuildPhase section */
		04FDBD6A1787203A56F5088A /* Resources */ = {
			isa = PBXResourcesBuildPhase;
			buildActionMask = 2147483647;
			files = (
				CD940F0368D4571EF8B4583E /* Assets.xcassets in Resources */,
				F881D46D850C51D7C10D8613 /* DMMono-Medium.ttf in Resources */,
				DC6715049B14E1C73DC19A60 /* DMMono-Regular.ttf in Resources */,
				5FD85F1FB9F1B41CA3D88428 /* DMSans-VF.ttf in Resources */,
				A7014539ACA074D72F2EE1A7 /* Onest-VF.ttf in Resources */,
				92C0E2E29F7A45029311A94A /* PrivacyInfo.xcprivacy in Resources */,
			);
			runOnlyForDeploymentPostprocessing = 0;
		};
		37EBD319BA2C80BD9AFA4D56 /* Resources */ = {
			isa = PBXResourcesBuildPhase;
			buildActionMask = 2147483647;
			files = (
				10085D4E418E087D48B2E2E8 /* PrivacyInfo.xcprivacy in Resources */,
			);
			runOnlyForDeploymentPostprocessing = 0;
		};
		5AE6E45DF637A99F103E0635 /* Resources */ = {
			isa = PBXResourcesBuildPhase;
			buildActionMask = 2147483647;
			files = (
				74E69B32075E025157064E3D /* Assets.xcassets in Resources */,
			);
			runOnlyForDeploymentPostprocessing = 0;
		};
/* End PBXResourcesBuildPhase section */

/* Begin PBXSourcesBuildPhase section */
		6DFABFAA97D8B59750326437 /* Sources */ = {
			isa = PBXSourcesBuildPhase;
			buildActionMask = 2147483647;
			files = (
				EE8ECFF9FECF524B0766A792 /* FocusActivityAttributes.swift in Sources */,
				661AD66CBC76712E89119F7E /* FocusLiveActivity.swift in Sources */,
				B3140FD6A3D1EB7B1A6E617C /* RoomDecor.swift in Sources */,
				F0D956D4138C84573620C1A5 /* RoomDecorView.swift in Sources */,
				E3FB760D2CB53242FC1E4C8E /* RoomTheme.swift in Sources */,
				F0CD39EDFF070A9DF531E05A /* RoomView.swift in Sources */,
				62D7FC75B888F2739AA05C96 /* RoomZone.swift in Sources */,
				A8432871D410E7E800903F8F /* SocialModels.swift in Sources */,
				2DD5ED2695A90EFCD302A043 /* WidgetPublisher.swift in Sources */,
				ABA9885E8F8594EE01C4A444 /* WidgetSnapshot.swift in Sources */,
				774E938C4B98B2F1E3959A7E /* YolkCoin.swift in Sources */,
				4BEACA0FC5E5B4E77845EF9C /* YolkDialog.swift in Sources */,
				0F43BA5020257840F2122EAC /* YolkGlyph.swift in Sources */,
				363FF6492F6CCD6F82CF23A3 /* YolkMenu.swift in Sources */,
				8523DF49C8440808ACFFE06D /* YolkRoomWidget.swift in Sources */,
				441D18B460CB0DBC2B7D832C /* YolklingWidgetBundle.swift in Sources */,
			);
			runOnlyForDeploymentPostprocessing = 0;
		};
		B9DF030F9B48471D706190B8 /* Sources */ = {
			isa = PBXSourcesBuildPhase;
			buildActionMask = 2147483647;
			files = (
				BA925A3A4FA9DD75958F5189 /* AppEnvironment.swift in Sources */,
				9753D9F73A7C9C6D34C1A2A6 /* CardDetailView.swift in Sources */,
				FBD468390A672D74FF782DCA /* CardScratchView.swift in Sources */,
				4F6BBB41C1382BB0278D4F91 /* CardShareCard.swift in Sources */,
				C6646B454E0F91B067AE8521 /* CardTilt.swift in Sources */,
				F2C5878F99269B2EDA41761C /* CollectionView.swift in Sources */,
				CA9F4D5D2F5BE5C80C7FFDE4 /* CosmeticPreviewGrid.swift in Sources */,
				CD3BDC853E4D567D4ECD735D /* DecorateView.swift in Sources */,
				262E1FF02C82FE14972FB107 /* DeepLink.swift in Sources */,
				09FE9ECC682126A937DF978F /* DriftSheet.swift in Sources */,
				3D8D81A66570893FDA60562E /* EggView.swift in Sources */,
				DC94E6FABC5A521DD0D848EF /* Entitlements.swift in Sources */,
				8643941FECB35114AD0E6FF0 /* EventStore.swift in Sources */,
				133CACDDE3224416D9DE9BDB /* FeedbackView.swift in Sources */,
				934596132191A3732F457369 /* FocusActivityAttributes.swift in Sources */,
				03B787A52BC86AF96B68F016 /* FocusSessionStore.swift in Sources */,
				4ADF5DECBAE24ABD3C448D5D /* FocusView.swift in Sources */,
				84E321BD0A5CB442877C103B /* FoundingRevealView.swift in Sources */,
				F6E72741E88E322E12CFF18B /* FriendCollectionView.swift in Sources */,
				E7FEADC4EC542107262901AD /* FriendRoomCard.swift in Sources */,
				B1EADEF941BA2EED96F4A3B8 /* FriendsView.swift in Sources */,
				1917B3C4E339BE94E5D6898F /* GrowFriendsView.swift in Sources */,
				0364CA692D518EF8AAF0F8B0 /* Haptics.swift in Sources */,
				ED4E74BB4114F9EA58A24D8C /* HatchModel.swift in Sources */,
				E8D0C3C3964CD981CBFACC61 /* HealthService.swift in Sources */,
				6CCEA71E6A40893115EAD6E7 /* HoloMaterial.swift in Sources */,
				F8EDA36F275CD41D1848BFE5 /* HomeTutorial.swift in Sources */,
				E261AFCE62FB64987CEDB149 /* HomeView.swift in Sources */,
				0934185C7FCCBB0433E403E5 /* ItemTile.swift in Sources */,
				339169F8EB3C2F3BEAB56081 /* MoodCheckInView.swift in Sources */,
				23B68D582EA550BE1B5B2088 /* OnboardingView.swift in Sources */,
				7D316A3F6CA5988E2356DA7C /* PackRevealView.swift in Sources */,
				18776CC0F5C8239A1AB75CFD /* Player.swift in Sources */,
				BB7652868F1A1B518E9EB1F4 /* PlusView.swift in Sources */,
				F31A3E2F41BFF29944253D77 /* PostcardCard.swift in Sources */,
				1FF4A7075EFF898A013EC2D9 /* PostcardViews.swift in Sources */,
				5E20E43EF1B2BE7935FF881B /* PostcardVocabulary.swift in Sources */,
				2E8A4379E8AC57C0E654C849 /* ProfileView.swift in Sources */,
				984F2FF722D79E95EDC451AB /* QRCodeView.swift in Sources */,
				08D9901B447473F63656E17A /* QRScannerView.swift in Sources */,
				62F892518BC4B84224E78C5D /* ReferralView.swift in Sources */,
				8A16161AA593A990544C3CD7 /* Rewards.swift in Sources */,
				A3456E748BB01E749F4C4FD9 /* RoomDecor.swift in Sources */,
				086B1B692A28EC7108795144 /* RoomDecorView.swift in Sources */,
				FBEE7B6C3B94CF8C263C8033 /* RoomTheme.swift in Sources */,
				36C7C22D0128007F01EAD514 /* RoomView.swift in Sources */,
				C5670AB65ECB4D8B04B5808C /* RoomZone.swift in Sources */,
				133217ABEDB1716D78A4C392 /* RootView.swift in Sources */,
				0A5BCB4BBDD1B38982E023B2 /* Router.swift in Sources */,
				5A61A836A594726DF58427D1 /* ScreenTimeReportHost.swift in Sources */,
				5E54299634A29368115B507F /* ScreenTimeService.swift in Sources */,
				5218FC9C7CCD70FEDC06F032 /* ScreenTimeShare.swift in Sources */,
				69D11733107EDC3AA9EDB710 /* SeasonBanner.swift in Sources */,
				C480FA56FCB49E46CB06330F /* SeasonalEvent.swift in Sources */,
				E18BDFE35398DB24D678E54C /* ShareCardRenderer.swift in Sources */,
				CC95E3840269A681FB2E0953 /* SharePreview.swift in Sources */,
				BD284E721748D9A0590066F4 /* ShopHomeView.swift in Sources */,
				370441F2076020435ED5FD7C /* SocialModels.swift in Sources */,
				B6F1A002A4884531D733EF46 /* SocialStore.swift in Sources */,
				06CFCBF306F3A0FDCAFD2653 /* SpeciesGalleryView.swift in Sources */,
				59DE5860CD52D0A5C2A9961F /* SubscriptionStore.swift in Sources */,
				F29F2FF867AF2585B6D5A545 /* SupabaseClient.swift in Sources */,
				7174436B53983F61625E185B /* SwapPreview.swift in Sources */,
				56BB68B97AB5494561E8E6EE /* SyncClient.swift in Sources */,
				DAAC52882B232B1980F924A5 /* TradeSheet.swift in Sources */,
				8C53DF8310A4FFB8B27E6023 /* TypewriterText.swift in Sources */,
				EE8A541C3D503283B576EFE5 /* VibeQuiz.swift in Sources */,
				D1F0716DBE1CD83F845635F5 /* VisitSubject.swift in Sources */,
				1174E2755C3353C39FD9A5F5 /* VisitView.swift in Sources */,
				CB5428C1CCDDEDEEA036D244 /* Wallet.swift in Sources */,
				AA2F9619CCFEA5395EB5D25F /* WanderArrival.swift in Sources */,
				C4B9464AFB8CB75445896E50 /* WanderHomeView.swift in Sources */,
				7B938C4624920E3DA81036E9 /* WardrobeStore.swift in Sources */,
				93CEE6FD3DD7CA641387B75D /* WatchPublisher.swift in Sources */,
				115C413B6DCAC129F76CCDB3 /* WhileYouWereAwayStrip.swift in Sources */,
				2457FC8BE922B4C6358E0241 /* WidgetHowToView.swift in Sources */,
				E6AD6071FF213AC002F4DCAE /* WidgetPublisher.swift in Sources */,
				C1DED04D454F150D89F0A062 /* WidgetSnapshot.swift in Sources */,
				8D25FD82B5D02C23463C3A46 /* YolkCard.swift in Sources */,
				8AB5D8F4D1CD51841F5F8A02 /* YolkCardBack.swift in Sources */,
				B230DDE4DA3A2793C38B4C11 /* YolkCardFace.swift in Sources */,
				D50F0CDABF1E313A8062F15C /* YolkCoin.swift in Sources */,
				B378611273BF8B1D3F1396EC /* YolkDialog.swift in Sources */,
				B2F7A5E40D9C63BADB899598 /* YolkGlyph.swift in Sources */,
				FAB6F8C59864F026AAC940A1 /* YolkMenu.swift in Sources */,
				FBFF303FA92AE2EEBC97B37A /* YolkNotifications.swift in Sources */,
				3395E08E88EBF6AF2686CB1A /* YolkSegmented.swift in Sources */,
				BB04580D3125794B8DB6BD99 /* YolklingApp.swift in Sources */,
			);
			runOnlyForDeploymentPostprocessing = 0;
		};
		CB202349CDB66C9075D7C687 /* Sources */ = {
			isa = PBXSourcesBuildPhase;
			buildActionMask = 2147483647;
			files = (
				AC2ED85FEDFC4238EB54D9B7 /* ScreenTimeReport.swift in Sources */,
				0A249C960574E1EBA727E0EF /* ScreenTimeShare.swift in Sources */,
			);
			runOnlyForDeploymentPostprocessing = 0;
		};
		EFDB27274840B17D81D1990B /* Sources */ = {
			isa = PBXSourcesBuildPhase;
			buildActionMask = 2147483647;
			files = (
				C8FA2259AB6E724DBD0936CF /* WatchHomeView.swift in Sources */,
				DA18942E463092E17CD21C7A /* WatchSyncModel.swift in Sources */,
				B5B2EFAF71B525CF370EC632 /* YolklingWatchApp.swift in Sources */,
			);
			runOnlyForDeploymentPostprocessing = 0;
		};
		F71C4032C3BBCE279AB59604 /* Sources */ = {
			isa = PBXSourcesBuildPhase;
			buildActionMask = 2147483647;
			files = (
				869E24C3E4EACCF6044FCC01 /* RewardsTests.swift in Sources */,
				2AC2BDCF6B0A54ABC0D5F635 /* SpeciesTests.swift in Sources */,
				AFCD4B498426B4ABD40F4804 /* StreakEngineTests.swift in Sources */,
				76C65D3DC1A534CEC3160250 /* SyncTests.swift in Sources */,
				20C60D20A52844E5B4EE79D8 /* TrustStageTests.swift in Sources */,
				0E078F29634C6933BB02219C /* WalletTests.swift in Sources */,
			);
			runOnlyForDeploymentPostprocessing = 0;
		};
/* End PBXSourcesBuildPhase section */

/* Begin PBXTargetDependency section */
		0799C3ED763A08251491609C /* PBXTargetDependency */ = {
			isa = PBXTargetDependency;
			target = 0380A3ADC7B50DF4DDD0B2A1 /* YolklingWatch */;
			targetProxy = 9B07D46842A0AF86845D8F54 /* PBXContainerItemProxy */;
		};
		2C679BC68071E4BE4B526EB1 /* PBXTargetDependency */ = {
			isa = PBXTargetDependency;
			target = D11C675502367D0547EDF59C /* YolklingWidgets */;
			targetProxy = 6D8C5801A27962C254385393 /* PBXContainerItemProxy */;
		};
		305A86CDBD810D744FCC67DF /* PBXTargetDependency */ = {
			isa = PBXTargetDependency;
			target = 0F67D7AAA9597122D7BDE67C /* YolklingScreenTimeReport */;
			targetProxy = A41C040C4B0FBB7D8F1E87FA /* PBXContainerItemProxy */;
		};
		BBE57DD53FE4405CBAD052F6 /* PBXTargetDependency */ = {
			isa = PBXTargetDependency;
			target = DD2770B84A509DAFA8B6AA33 /* Yolkling */;
			targetProxy = D8DE117C84E602A6608CC193 /* PBXContainerItemProxy */;
		};
/* End PBXTargetDependency section */

/* Begin XCBuildConfiguration section */
		08D2D5A97AEE44BCEDCD5C5F /* Release */ = {
			isa = XCBuildConfiguration;
			buildSettings = {
				CODE_SIGN_ENTITLEMENTS = YolklingWidgets/YolklingWidgets.entitlements;
				CODE_SIGN_STYLE = Automatic;
				GENERATE_INFOPLIST_FILE = NO;
				INFOPLIST_FILE = YolklingWidgets/Info.plist;
				IPHONEOS_DEPLOYMENT_TARGET = 18.0;
				LD_RUNPATH_SEARCH_PATHS = (
					"$(inherited)",
					"@executable_path/Frameworks",
					"@executable_path/../../Frameworks",
				);
				PRODUCT_BUNDLE_IDENTIFIER = com.yolkling.ios.Widgets;
				PRODUCT_NAME = YolklingWidgets;
				SDKROOT = iphoneos;
				SKIP_INSTALL = YES;
				TARGETED_DEVICE_FAMILY = 1;
			};
			name = Release;
		};
		1488F273D20DD34F06685725 /* Debug */ = {
			isa = XCBuildConfiguration;
			buildSettings = {
				CODE_SIGN_ENTITLEMENTS = YolklingWidgets/YolklingWidgets.entitlements;
				CODE_SIGN_STYLE = Automatic;
				GENERATE_INFOPLIST_FILE = NO;
				INFOPLIST_FILE = YolklingWidgets/Info.plist;
				IPHONEOS_DEPLOYMENT_TARGET = 18.0;
				LD_RUNPATH_SEARCH_PATHS = (
					"$(inherited)",
					"@executable_path/Frameworks",
					"@executable_path/../../Frameworks",
				);
				PRODUCT_BUNDLE_IDENTIFIER = com.yolkling.ios.Widgets;
				PRODUCT_NAME = YolklingWidgets;
				SDKROOT = iphoneos;
				SKIP_INSTALL = YES;
				TARGETED_DEVICE_FAMILY = 1;
			};
			name = Debug;
		};
		272FDCD660F855A3ED7A3CCB /* Debug */ = {
			isa = XCBuildConfiguration;
			buildSettings = {
				ALWAYS_SEARCH_USER_PATHS = NO;
				CLANG_ANALYZER_NONNULL = YES;
				CLANG_ANALYZER_NUMBER_OBJECT_CONVERSION = YES_AGGRESSIVE;
				CLANG_CXX_LANGUAGE_STANDARD = "gnu++14";
				CLANG_CXX_LIBRARY = "libc++";
				CLANG_ENABLE_MODULES = YES;
				CLANG_ENABLE_OBJC_ARC = YES;
				CLANG_ENABLE_OBJC_WEAK = YES;
				CLANG_WARN_BLOCK_CAPTURE_AUTORELEASING = YES;
				CLANG_WARN_BOOL_CONVERSION = YES;
				CLANG_WARN_COMMA = YES;
				CLANG_WARN_CONSTANT_CONVERSION = YES;
				CLANG_WARN_DEPRECATED_OBJC_IMPLEMENTATIONS = YES;
				CLANG_WARN_DIRECT_OBJC_ISA_USAGE = YES_ERROR;
				CLANG_WARN_DOCUMENTATION_COMMENTS = YES;
				CLANG_WARN_EMPTY_BODY = YES;
				CLANG_WARN_ENUM_CONVERSION = YES;
				CLANG_WARN_INFINITE_RECURSION = YES;
				CLANG_WARN_INT_CONVERSION = YES;
				CLANG_WARN_NON_LITERAL_NULL_CONVERSION = YES;
				CLANG_WARN_OBJC_IMPLICIT_RETAIN_SELF = YES;
				CLANG_WARN_OBJC_LITERAL_CONVERSION = YES;
				CLANG_WARN_OBJC_ROOT_CLASS = YES_ERROR;
				CLANG_WARN_QUOTED_INCLUDE_IN_FRAMEWORK_HEADER = YES;
				CLANG_WARN_RANGE_LOOP_ANALYSIS = YES;
				CLANG_WARN_STRICT_PROTOTYPES = YES;
				CLANG_WARN_SUSPICIOUS_MOVE = YES;
				CLANG_WARN_UNGUARDED_AVAILABILITY = YES_AGGRESSIVE;
				CLANG_WARN_UNREACHABLE_CODE = YES;
				CLANG_WARN__DUPLICATE_METHOD_MATCH = YES;
				COPY_PHASE_STRIP = NO;
				CURRENT_PROJECT_VERSION = 1;
				DEBUG_INFORMATION_FORMAT = dwarf;
				DEVELOPMENT_TEAM = 94277H98XP;
				ENABLE_STRICT_OBJC_MSGSEND = YES;
				ENABLE_TESTABILITY = YES;
				ENABLE_USER_SCRIPT_SANDBOXING = YES;
				GCC_C_LANGUAGE_STANDARD = gnu11;
				GCC_DYNAMIC_NO_PIC = NO;
				GCC_NO_COMMON_BLOCKS = YES;
				GCC_OPTIMIZATION_LEVEL = 0;
				GCC_PREPROCESSOR_DEFINITIONS = (
					"$(inherited)",
					"DEBUG=1",
				);
				GCC_WARN_64_TO_32_BIT_CONVERSION = YES;
				GCC_WARN_ABOUT_RETURN_TYPE = YES_ERROR;
				GCC_WARN_UNDECLARED_SELECTOR = YES;
				GCC_WARN_UNINITIALIZED_AUTOS = YES_AGGRESSIVE;
				GCC_WARN_UNUSED_FUNCTION = YES;
				GCC_WARN_UNUSED_VARIABLE = YES;
				INFOPLIST_KEY_LSApplicationCategoryType = "public.app-category.lifestyle";
				IPHONEOS_DEPLOYMENT_TARGET = 18.0;
				MARKETING_VERSION = 1.0.0;
				MTL_ENABLE_DEBUG_INFO = INCLUDE_SOURCE;
				MTL_FAST_MATH = YES;
				ONLY_ACTIVE_ARCH = YES;
				PRODUCT_NAME = "$(TARGET_NAME)";
				SUPPORTED_PLATFORMS = "iphoneos iphonesimulator";
				SUPPORTS_MACCATALYST = NO;
				SUPPORTS_MAC_DESIGNED_FOR_IPHONE_IPAD = NO;
				SUPPORTS_XR_DESIGNED_FOR_IPHONE_IPAD = NO;
				SWIFT_ACTIVE_COMPILATION_CONDITIONS = DEBUG;
				SWIFT_APPROACHABLE_CONCURRENCY = YES;
				SWIFT_DEFAULT_ACTOR_ISOLATION = MainActor;
				SWIFT_OPTIMIZATION_LEVEL = "-Onone";
				SWIFT_VERSION = 6.0;
			};
			name = Debug;
		};
		27C57170291D95B80EA546B4 /* Release */ = {
			isa = XCBuildConfiguration;
			buildSettings = {
				CODE_SIGN_ENTITLEMENTS = ScreenTimeReport/ScreenTimeReport.entitlements;
				CODE_SIGN_STYLE = Automatic;
				GENERATE_INFOPLIST_FILE = NO;
				INFOPLIST_FILE = ScreenTimeReport/Info.plist;
				IPHONEOS_DEPLOYMENT_TARGET = 18.0;
				LD_RUNPATH_SEARCH_PATHS = (
					"$(inherited)",
					"@executable_path/Frameworks",
					"@executable_path/../../Frameworks",
				);
				PRODUCT_BUNDLE_IDENTIFIER = com.yolkling.ios.ScreenTimeReport;
				PRODUCT_NAME = YolklingScreenTimeReport;
				SDKROOT = iphoneos;
				SKIP_INSTALL = YES;
				TARGETED_DEVICE_FAMILY = 1;
			};
			name = Release;
		};
		2DBB16D73C99E6565DFD3493 /* Release */ = {
			isa = XCBuildConfiguration;
			buildSettings = {
				BUNDLE_LOADER = "$(TEST_HOST)";
				CODE_SIGN_STYLE = Automatic;
				GENERATE_INFOPLIST_FILE = YES;
				IPHONEOS_DEPLOYMENT_TARGET = 18.0;
				LD_RUNPATH_SEARCH_PATHS = (
					"$(inherited)",
					"@executable_path/Frameworks",
					"@loader_path/Frameworks",
				);
				PRODUCT_BUNDLE_IDENTIFIER = com.yolkling.ios.Tests;
				SDKROOT = iphoneos;
				TARGETED_DEVICE_FAMILY = 1;
				TEST_HOST = "$(BUILT_PRODUCTS_DIR)/Yolkling.app/Yolkling";
			};
			name = Release;
		};
		4A8CA8EE2E2D0193DB9739F3 /* Debug */ = {
			isa = XCBuildConfiguration;
			buildSettings = {
				ASSETCATALOG_COMPILER_APPICON_NAME = AppIcon;
				ASSETCATALOG_COMPILER_GLOBAL_ACCENT_COLOR_NAME = AccentColor;
				CODE_SIGN_STYLE = Automatic;
				GENERATE_INFOPLIST_FILE = YES;
				INFOPLIST_KEY_CFBundleDisplayName = Yolkling;
				INFOPLIST_KEY_WKApplication = YES;
				INFOPLIST_KEY_WKCompanionAppBundleIdentifier = com.yolkling.ios;
				PRODUCT_BUNDLE_IDENTIFIER = com.yolkling.ios.watchkitapp;
				PRODUCT_NAME = YolklingWatch;
				SDKROOT = watchos;
				SKIP_INSTALL = YES;
				SUPPORTED_PLATFORMS = "watchos watchsimulator";
				TARGETED_DEVICE_FAMILY = 4;
				WATCHOS_DEPLOYMENT_TARGET = 11.0;
			};
			name = Debug;
		};
		6097DCFFDCC79A6F69DC73F8 /* Debug */ = {
			isa = XCBuildConfiguration;
			buildSettings = {
				BUNDLE_LOADER = "$(TEST_HOST)";
				CODE_SIGN_STYLE = Automatic;
				GENERATE_INFOPLIST_FILE = YES;
				IPHONEOS_DEPLOYMENT_TARGET = 18.0;
				LD_RUNPATH_SEARCH_PATHS = (
					"$(inherited)",
					"@executable_path/Frameworks",
					"@loader_path/Frameworks",
				);
				PRODUCT_BUNDLE_IDENTIFIER = com.yolkling.ios.Tests;
				SDKROOT = iphoneos;
				TARGETED_DEVICE_FAMILY = 1;
				TEST_HOST = "$(BUILT_PRODUCTS_DIR)/Yolkling.app/Yolkling";
			};
			name = Debug;
		};
		751D0C44B186C0DD28BD265C /* Debug */ = {
			isa = XCBuildConfiguration;
			buildSettings = {
				CODE_SIGN_ENTITLEMENTS = ScreenTimeReport/ScreenTimeReport.entitlements;
				CODE_SIGN_STYLE = Automatic;
				GENERATE_INFOPLIST_FILE = NO;
				INFOPLIST_FILE = ScreenTimeReport/Info.plist;
				IPHONEOS_DEPLOYMENT_TARGET = 18.0;
				LD_RUNPATH_SEARCH_PATHS = (
					"$(inherited)",
					"@executable_path/Frameworks",
					"@executable_path/../../Frameworks",
				);
				PRODUCT_BUNDLE_IDENTIFIER = com.yolkling.ios.ScreenTimeReport;
				PRODUCT_NAME = YolklingScreenTimeReport;
				SDKROOT = iphoneos;
				SKIP_INSTALL = YES;
				TARGETED_DEVICE_FAMILY = 1;
			};
			name = Debug;
		};
		756902862714012E8ECFEB00 /* Debug */ = {
			isa = XCBuildConfiguration;
			buildSettings = {
				ASSETCATALOG_COMPILER_APPICON_NAME = AppIcon;
				ASSETCATALOG_COMPILER_GLOBAL_ACCENT_COLOR_NAME = AccentColor;
				CODE_SIGN_ENTITLEMENTS = Yolkling/Yolkling.entitlements;
				CODE_SIGN_IDENTITY = "iPhone Developer";
				CODE_SIGN_STYLE = Automatic;
				GENERATE_INFOPLIST_FILE = YES;
				INFOPLIST_KEY_CFBundleDisplayName = Yolkling;
				INFOPLIST_KEY_NSCameraUsageDescription = "Scan a friend's code to add them.";
				INFOPLIST_KEY_NSHealthShareUsageDescription = "Yolkling reads your steps and sleep so your yolk grows when you take care of yourself in real life.";
				INFOPLIST_KEY_NSHealthUpdateUsageDescription = "Yolkling can add a little sample activity while you try out grow-by-living.";
				INFOPLIST_KEY_NSSupportsLiveActivities = YES;
				INFOPLIST_KEY_UIApplicationSceneManifest_Generation = YES;
				INFOPLIST_KEY_UILaunchScreen_Generation = YES;
				INFOPLIST_KEY_UISupportedInterfaceOrientations = UIInterfaceOrientationPortrait;
				IPHONEOS_DEPLOYMENT_TARGET = 18.0;
				LD_RUNPATH_SEARCH_PATHS = (
					"$(inherited)",
					"@executable_path/Frameworks",
				);
				PRODUCT_BUNDLE_IDENTIFIER = com.yolkling.ios;
				PRODUCT_NAME = Yolkling;
				SDKROOT = iphoneos;
				TARGETED_DEVICE_FAMILY = 1;
			};
			name = Debug;
		};
		83A82C295AF6FB7DD81DC86A /* Release */ = {
			isa = XCBuildConfiguration;
			buildSettings = {
				ASSETCATALOG_COMPILER_APPICON_NAME = AppIcon;
				ASSETCATALOG_COMPILER_GLOBAL_ACCENT_COLOR_NAME = AccentColor;
				CODE_SIGN_STYLE = Automatic;
				GENERATE_INFOPLIST_FILE = YES;
				INFOPLIST_KEY_CFBundleDisplayName = Yolkling;
				INFOPLIST_KEY_WKApplication = YES;
				INFOPLIST_KEY_WKCompanionAppBundleIdentifier = com.yolkling.ios;
				PRODUCT_BUNDLE_IDENTIFIER = com.yolkling.ios.watchkitapp;
				PRODUCT_NAME = YolklingWatch;
				SDKROOT = watchos;
				SKIP_INSTALL = YES;
				SUPPORTED_PLATFORMS = "watchos watchsimulator";
				TARGETED_DEVICE_FAMILY = 4;
				WATCHOS_DEPLOYMENT_TARGET = 11.0;
			};
			name = Release;
		};
		EAA45D37683B9CF1B066F621 /* Release */ = {
			isa = XCBuildConfiguration;
			buildSettings = {
				ASSETCATALOG_COMPILER_APPICON_NAME = AppIcon;
				ASSETCATALOG_COMPILER_GLOBAL_ACCENT_COLOR_NAME = AccentColor;
				CODE_SIGN_ENTITLEMENTS = Yolkling/Yolkling.entitlements;
				CODE_SIGN_IDENTITY = "iPhone Developer";
				CODE_SIGN_STYLE = Automatic;
				GENERATE_INFOPLIST_FILE = YES;
				INFOPLIST_KEY_CFBundleDisplayName = Yolkling;
				INFOPLIST_KEY_NSCameraUsageDescription = "Scan a friend's code to add them.";
				INFOPLIST_KEY_NSHealthShareUsageDescription = "Yolkling reads your steps and sleep so your yolk grows when you take care of yourself in real life.";
				INFOPLIST_KEY_NSHealthUpdateUsageDescription = "Yolkling can add a little sample activity while you try out grow-by-living.";
				INFOPLIST_KEY_NSSupportsLiveActivities = YES;
				INFOPLIST_KEY_UIApplicationSceneManifest_Generation = YES;
				INFOPLIST_KEY_UILaunchScreen_Generation = YES;
				INFOPLIST_KEY_UISupportedInterfaceOrientations = UIInterfaceOrientationPortrait;
				IPHONEOS_DEPLOYMENT_TARGET = 18.0;
				LD_RUNPATH_SEARCH_PATHS = (
					"$(inherited)",
					"@executable_path/Frameworks",
				);
				PRODUCT_BUNDLE_IDENTIFIER = com.yolkling.ios;
				PRODUCT_NAME = Yolkling;
				SDKROOT = iphoneos;
				TARGETED_DEVICE_FAMILY = 1;
			};
			name = Release;
		};
		ED60A69065F6085F1D7E75F0 /* Release */ = {
			isa = XCBuildConfiguration;
			buildSettings = {
				ALWAYS_SEARCH_USER_PATHS = NO;
				CLANG_ANALYZER_NONNULL = YES;
				CLANG_ANALYZER_NUMBER_OBJECT_CONVERSION = YES_AGGRESSIVE;
				CLANG_CXX_LANGUAGE_STANDARD = "gnu++14";
				CLANG_CXX_LIBRARY = "libc++";
				CLANG_ENABLE_MODULES = YES;
				CLANG_ENABLE_OBJC_ARC = YES;
				CLANG_ENABLE_OBJC_WEAK = YES;
				CLANG_WARN_BLOCK_CAPTURE_AUTORELEASING = YES;
				CLANG_WARN_BOOL_CONVERSION = YES;
				CLANG_WARN_COMMA = YES;
				CLANG_WARN_CONSTANT_CONVERSION = YES;
				CLANG_WARN_DEPRECATED_OBJC_IMPLEMENTATIONS = YES;
				CLANG_WARN_DIRECT_OBJC_ISA_USAGE = YES_ERROR;
				CLANG_WARN_DOCUMENTATION_COMMENTS = YES;
				CLANG_WARN_EMPTY_BODY = YES;
				CLANG_WARN_ENUM_CONVERSION = YES;
				CLANG_WARN_INFINITE_RECURSION = YES;
				CLANG_WARN_INT_CONVERSION = YES;
				CLANG_WARN_NON_LITERAL_NULL_CONVERSION = YES;
				CLANG_WARN_OBJC_IMPLICIT_RETAIN_SELF = YES;
				CLANG_WARN_OBJC_LITERAL_CONVERSION = YES;
				CLANG_WARN_OBJC_ROOT_CLASS = YES_ERROR;
				CLANG_WARN_QUOTED_INCLUDE_IN_FRAMEWORK_HEADER = YES;
				CLANG_WARN_RANGE_LOOP_ANALYSIS = YES;
				CLANG_WARN_STRICT_PROTOTYPES = YES;
				CLANG_WARN_SUSPICIOUS_MOVE = YES;
				CLANG_WARN_UNGUARDED_AVAILABILITY = YES_AGGRESSIVE;
				CLANG_WARN_UNREACHABLE_CODE = YES;
				CLANG_WARN__DUPLICATE_METHOD_MATCH = YES;
				COPY_PHASE_STRIP = NO;
				CURRENT_PROJECT_VERSION = 1;
				DEBUG_INFORMATION_FORMAT = "dwarf-with-dsym";
				DEVELOPMENT_TEAM = 94277H98XP;
				ENABLE_NS_ASSERTIONS = NO;
				ENABLE_STRICT_OBJC_MSGSEND = YES;
				ENABLE_USER_SCRIPT_SANDBOXING = YES;
				GCC_C_LANGUAGE_STANDARD = gnu11;
				GCC_NO_COMMON_BLOCKS = YES;
				GCC_WARN_64_TO_32_BIT_CONVERSION = YES;
				GCC_WARN_ABOUT_RETURN_TYPE = YES_ERROR;
				GCC_WARN_UNDECLARED_SELECTOR = YES;
				GCC_WARN_UNINITIALIZED_AUTOS = YES_AGGRESSIVE;
				GCC_WARN_UNUSED_FUNCTION = YES;
				GCC_WARN_UNUSED_VARIABLE = YES;
				INFOPLIST_KEY_LSApplicationCategoryType = "public.app-category.lifestyle";
				IPHONEOS_DEPLOYMENT_TARGET = 18.0;
				MARKETING_VERSION = 1.0.0;
				MTL_ENABLE_DEBUG_INFO = NO;
				MTL_FAST_MATH = YES;
				PRODUCT_NAME = "$(TARGET_NAME)";
				SUPPORTED_PLATFORMS = "iphoneos iphonesimulator";
				SUPPORTS_MACCATALYST = NO;
				SUPPORTS_MAC_DESIGNED_FOR_IPHONE_IPAD = NO;
				SUPPORTS_XR_DESIGNED_FOR_IPHONE_IPAD = NO;
				SWIFT_APPROACHABLE_CONCURRENCY = YES;
				SWIFT_COMPILATION_MODE = wholemodule;
				SWIFT_DEFAULT_ACTOR_ISOLATION = MainActor;
				SWIFT_OPTIMIZATION_LEVEL = "-O";
				SWIFT_VERSION = 6.0;
			};
			name = Release;
		};
/* End XCBuildConfiguration section */

/* Begin XCConfigurationList section */
		2B1766693E09F30E5ABA8970 /* Build configuration list for PBXProject "Yolkling" */ = {
			isa = XCConfigurationList;
			buildConfigurations = (
				272FDCD660F855A3ED7A3CCB /* Debug */,
				ED60A69065F6085F1D7E75F0 /* Release */,
			);
			defaultConfigurationIsVisible = 0;
			defaultConfigurationName = Debug;
		};
		3661EA5CC01B1F26EE17970A /* Build configuration list for PBXNativeTarget "YolklingTests" */ = {
			isa = XCConfigurationList;
			buildConfigurations = (
				6097DCFFDCC79A6F69DC73F8 /* Debug */,
				2DBB16D73C99E6565DFD3493 /* Release */,
			);
			defaultConfigurationIsVisible = 0;
			defaultConfigurationName = Debug;
		};
		74FF487326B59BE998E85338 /* Build configuration list for PBXNativeTarget "Yolkling" */ = {
			isa = XCConfigurationList;
			buildConfigurations = (
				756902862714012E8ECFEB00 /* Debug */,
				EAA45D37683B9CF1B066F621 /* Release */,
			);
			defaultConfigurationIsVisible = 0;
			defaultConfigurationName = Debug;
		};
		9EDA1E10D3E990DE46703F26 /* Build configuration list for PBXNativeTarget "YolklingScreenTimeReport" */ = {
			isa = XCConfigurationList;
			buildConfigurations = (
				751D0C44B186C0DD28BD265C /* Debug */,
				27C57170291D95B80EA546B4 /* Release */,
			);
			defaultConfigurationIsVisible = 0;
			defaultConfigurationName = Debug;
		};
		D0C1D97F44D2F7B28655C540 /* Build configuration list for PBXNativeTarget "YolklingWidgets" */ = {
			isa = XCConfigurationList;
			buildConfigurations = (
				1488F273D20DD34F06685725 /* Debug */,
				08D2D5A97AEE44BCEDCD5C5F /* Release */,
			);
			defaultConfigurationIsVisible = 0;
			defaultConfigurationName = Debug;
		};
		E4E82E3723269A87B3E0BA27 /* Build configuration list for PBXNativeTarget "YolklingWatch" */ = {
			isa = XCConfigurationList;
			buildConfigurations = (
				4A8CA8EE2E2D0193DB9739F3 /* Debug */,
				83A82C295AF6FB7DD81DC86A /* Release */,
			);
			defaultConfigurationIsVisible = 0;
			defaultConfigurationName = Debug;
		};
/* End XCConfigurationList section */

/* Begin XCLocalSwiftPackageReference section */
		3958BAB1C9458F75F6D16722 /* XCLocalSwiftPackageReference "Packages/YolklingCore" */ = {
			isa = XCLocalSwiftPackageReference;
			relativePath = Packages/YolklingCore;
		};
/* End XCLocalSwiftPackageReference section */

/* Begin XCRemoteSwiftPackageReference section */
		920E5094235B5AC36AF73228 /* XCRemoteSwiftPackageReference "purchases-ios" */ = {
			isa = XCRemoteSwiftPackageReference;
			repositoryURL = "https://github.com/RevenueCat/purchases-ios";
			requirement = {
				kind = upToNextMajorVersion;
				minimumVersion = 5.0.0;
			};
		};
/* End XCRemoteSwiftPackageReference section */

/* Begin XCSwiftPackageProductDependency section */
		1EF266223E6CA667789B7B66 /* YolklingCore */ = {
			isa = XCSwiftPackageProductDependency;
			package = 3958BAB1C9458F75F6D16722 /* XCLocalSwiftPackageReference "Packages/YolklingCore" */;
			productName = YolklingCore;
		};
		7105AA21C4F6E3A47890C83D /* RevenueCat */ = {
			isa = XCSwiftPackageProductDependency;
			package = 920E5094235B5AC36AF73228 /* XCRemoteSwiftPackageReference "purchases-ios" */;
			productName = RevenueCat;
		};
		84AD81837A764554C261EAF5 /* YolklingCore */ = {
			isa = XCSwiftPackageProductDependency;
			package = 3958BAB1C9458F75F6D16722 /* XCLocalSwiftPackageReference "Packages/YolklingCore" */;
			productName = YolklingCore;
		};
		9E64CF6D045ACC42F06467FE /* RevenueCatUI */ = {
			isa = XCSwiftPackageProductDependency;
			package = 920E5094235B5AC36AF73228 /* XCRemoteSwiftPackageReference "purchases-ios" */;
			productName = RevenueCatUI;
		};
		B9BC56A5A6215E934A19E1E0 /* YolklingCore */ = {
			isa = XCSwiftPackageProductDependency;
			package = 3958BAB1C9458F75F6D16722 /* XCLocalSwiftPackageReference "Packages/YolklingCore" */;
			productName = YolklingCore;
		};
		D7F6707E384114D485D267DE /* YolklingCore */ = {
			isa = XCSwiftPackageProductDependency;
			package = 3958BAB1C9458F75F6D16722 /* XCLocalSwiftPackageReference "Packages/YolklingCore" */;
			productName = YolklingCore;
		};
/* End XCSwiftPackageProductDependency section */
	};
	rootObject = 69E0AAA1430A6FD73A3A4C78 /* Project object */;
}
