{
  "originHash" : "6e590f4e9c79548c33721d3f5918f39dd2968bd19e10bb8fd128a8c36ca56a22",
  "pins" : [
    {
      "identity" : "purchases-ios",
      "kind" : "remoteSourceControl",
      "location" : "https://github.com/RevenueCat/purchases-ios",
      "state" : {
        "revision" : "3d036d836a93872895f84065fabe580c3f2e2a23",
        "version" : "5.83.1"
      }
    }
  ],
  "version" : 3
}
